{
  "object": {
    "pins": [
      {
        "package": "Kingfisher",
        "repositoryURL": "https://github.com/onevcat/Kingfisher.git",
        "state": {
          "branch": null,
          "revision": "349ed06467a6f8a4939bcb83db301542bc84eac9",
          "version": "5.13.4"
        }
      },
      {
        "package": "QGrid",
        "repositoryURL": "https://github.com/Q-Mobile/QGrid",
        "state": {
          "branch": null,
          "revision": "40607aec336a8097c94bcadb81762592d89073ac",
          "version": "0.1.3"
        }
      },
      {
        "package": "URLImage",
        "repositoryURL": "https://github.com/dmytro-anokhin/url-image.git",
        "state": {
          "branch": null,
          "revision": "dc913391b6fc0c9de283ef111eb90d0e9abf4c36",
          "version": "0.9.10"
        }
      },
      {
        "package": "WaterfallGrid",
        "repositoryURL": "https://github.com/paololeonardi/WaterfallGrid.git",
        "state": {
          "branch": null,
          "revision": "67bb0263a45357651608faafcd51fe39cfd3cf30",
          "version": "0.4.0"
        }
      }
    ]
  },
  "version": 1
}
