// !$*UTF8*$!
{
	archiveVersion = 1;
	classes = {
	};
	objectVersion = 52;
	objects = {

/* Begin PBXBuildFile section */
		F95DE55A23DE2F0F00BE1BD5 /* AppDelegate.swift in Sources */ = {isa = PBXBuildFile; fileRef = F95DE55923DE2F0F00BE1BD5 /* AppDelegate.swift */; };
		F95DE55C23DE2F0F00BE1BD5 /* SceneDelegate.swift in Sources */ = {isa = PBXBuildFile; fileRef = F95DE55B23DE2F0F00BE1BD5 /* SceneDelegate.swift */; };
		F95DE55E23DE2F0F00BE1BD5 /* ContentView.swift in Sources */ = {isa = PBXBuildFile; fileRef = F95DE55D23DE2F0F00BE1BD5 /* ContentView.swift */; };
		F95DE56023DE2F0F00BE1BD5 /* Assets.xcassets in Resources */ = {isa = PBXBuildFile; fileRef = F95DE55F23DE2F0F00BE1BD5 /* Assets.xcassets */; };
		F95DE56323DE2F0F00BE1BD5 /* Preview Assets.xcassets in Resources */ = {isa = PBXBuildFile; fileRef = F95DE56223DE2F0F00BE1BD5 /* Preview Assets.xcassets */; };
		F95DE56623DE2F0F00BE1BD5 /* LaunchScreen.storyboard in Resources */ = {isa = PBXBuildFile; fileRef = F95DE56423DE2F0F00BE1BD5 /* LaunchScreen.storyboard */; };
		F95DE57323DE345700BE1BD5 /* places.json in Resources */ = {isa = PBXBuildFile; fileRef = F95DE57223DE345700BE1BD5 /* places.json */; };
		F95DE57623DE348000BE1BD5 /* Session.swift in Sources */ = {isa = PBXBuildFile; fileRef = F95DE57423DE347F00BE1BD5 /* Session.swift */; };
		F95DE57723DE348000BE1BD5 /* Dataloader.swift in Sources */ = {isa = PBXBuildFile; fileRef = F95DE57523DE348000BE1BD5 /* Dataloader.swift */; };
		F95DE58C23DE349700BE1BD5 /* MapView.swift in Sources */ = {isa = PBXBuildFile; fileRef = F95DE57823DE349500BE1BD5 /* MapView.swift */; };
		F95DE58E23DE349700BE1BD5 /* AutoFocusTextField.swift in Sources */ = {isa = PBXBuildFile; fileRef = F95DE57A23DE349500BE1BD5 /* AutoFocusTextField.swift */; };
		F95DE59023DE349700BE1BD5 /* PlaceDetail.swift in Sources */ = {isa = PBXBuildFile; fileRef = F95DE57C23DE349500BE1BD5 /* PlaceDetail.swift */; };
		F95DE59123DE349700BE1BD5 /* Store.swift in Sources */ = {isa = PBXBuildFile; fileRef = F95DE57D23DE349600BE1BD5 /* Store.swift */; };
		F95DE59323DE349700BE1BD5 /* AssociatesRow.swift in Sources */ = {isa = PBXBuildFile; fileRef = F95DE57F23DE349600BE1BD5 /* AssociatesRow.swift */; };
		F95DE59623DE349700BE1BD5 /* StoreCategoriesRow.swift in Sources */ = {isa = PBXBuildFile; fileRef = F95DE58223DE349600BE1BD5 /* StoreCategoriesRow.swift */; };
		F95DE59723DE349700BE1BD5 /* ImageCarouselView.swift in Sources */ = {isa = PBXBuildFile; fileRef = F95DE58323DE349600BE1BD5 /* ImageCarouselView.swift */; };
		F95DE59823DE349700BE1BD5 /* DreamListRow.swift in Sources */ = {isa = PBXBuildFile; fileRef = F95DE58423DE349600BE1BD5 /* DreamListRow.swift */; };
		F95DE59923DE349700BE1BD5 /* PlacesList.swift in Sources */ = {isa = PBXBuildFile; fileRef = F95DE58523DE349600BE1BD5 /* PlacesList.swift */; };
		F95DE59A23DE349700BE1BD5 /* Progression.swift in Sources */ = {isa = PBXBuildFile; fileRef = F95DE58623DE349600BE1BD5 /* Progression.swift */; };
		F95DE59B23DE349700BE1BD5 /* PlacePager.swift in Sources */ = {isa = PBXBuildFile; fileRef = F95DE58723DE349600BE1BD5 /* PlacePager.swift */; };
		F95DE59C23DE349700BE1BD5 /* TextView.swift in Sources */ = {isa = PBXBuildFile; fileRef = F95DE58823DE349600BE1BD5 /* TextView.swift */; };
		F95DE59E23DE349700BE1BD5 /* DreamList.swift in Sources */ = {isa = PBXBuildFile; fileRef = F95DE58A23DE349600BE1BD5 /* DreamList.swift */; };
		F95DE59F23DE349700BE1BD5 /* PageView.swift in Sources */ = {isa = PBXBuildFile; fileRef = F95DE58B23DE349700BE1BD5 /* PageView.swift */; };
		F95DE5A723DE34A900BE1BD5 /* Place.swift in Sources */ = {isa = PBXBuildFile; fileRef = F95DE5A123DE34A800BE1BD5 /* Place.swift */; };
		F95DE5A823DE34A900BE1BD5 /* PlaceStore.swift in Sources */ = {isa = PBXBuildFile; fileRef = F95DE5A223DE34A800BE1BD5 /* PlaceStore.swift */; };
		F95DE5B023DE357800BE1BD5 /* 1.jpg in Resources */ = {isa = PBXBuildFile; fileRef = F95DE5AC23DE357800BE1BD5 /* 1.jpg */; };
		F95DE5B123DE357800BE1BD5 /* 4.jpg in Resources */ = {isa = PBXBuildFile; fileRef = F95DE5AD23DE357800BE1BD5 /* 4.jpg */; };
		F95DE5B223DE357800BE1BD5 /* 2.jpg in Resources */ = {isa = PBXBuildFile; fileRef = F95DE5AE23DE357800BE1BD5 /* 2.jpg */; };
		F95DE5B323DE357800BE1BD5 /* 3.jpg in Resources */ = {isa = PBXBuildFile; fileRef = F95DE5AF23DE357800BE1BD5 /* 3.jpg */; };
		F95DE5B723DE3BE500BE1BD5 /* QGrid in Frameworks */ = {isa = PBXBuildFile; productRef = F95DE5B623DE3BE500BE1BD5 /* QGrid */; };
		F95DE5B923DE416D00BE1BD5 /* Dream.swift in Sources */ = {isa = PBXBuildFile; fileRef = F95DE5B823DE416D00BE1BD5 /* Dream.swift */; };
		F95DE5BB23DE422F00BE1BD5 /* DreamDetail.swift in Sources */ = {isa = PBXBuildFile; fileRef = F95DE5BA23DE422F00BE1BD5 /* DreamDetail.swift */; };
		F95DE5BD23DE4A2900BE1BD5 /* PlacesMap.swift in Sources */ = {isa = PBXBuildFile; fileRef = F95DE5BC23DE4A2900BE1BD5 /* PlacesMap.swift */; };
		F9DC21D423E0CEC20023B8EF /* RegionsMap.swift in Sources */ = {isa = PBXBuildFile; fileRef = F9DC21D323E0CEC20023B8EF /* RegionsMap.swift */; };
/* End PBXBuildFile section */

/* Begin PBXFileReference section */
		F95DE55623DE2F0E00BE1BD5 /* TripList.app */ = {isa = PBXFileReference; explicitFileType = wrapper.application; includeInIndex = 0; path = TripList.app; sourceTree = BUILT_PRODUCTS_DIR; };
		F95DE55923DE2F0F00BE1BD5 /* AppDelegate.swift */ = {isa = PBXFileReference; lastKnownFileType = sourcecode.swift; path = AppDelegate.swift; sourceTree = "<group>"; };
		F95DE55B23DE2F0F00BE1BD5 /* SceneDelegate.swift */ = {isa = PBXFileReference; lastKnownFileType = sourcecode.swift; path = SceneDelegate.swift; sourceTree = "<group>"; };
		F95DE55D23DE2F0F00BE1BD5 /* ContentView.swift */ = {isa = PBXFileReference; lastKnownFileType = sourcecode.swift; path = ContentView.swift; sourceTree = "<group>"; };
		F95DE55F23DE2F0F00BE1BD5 /* Assets.xcassets */ = {isa = PBXFileReference; lastKnownFileType = folder.assetcatalog; path = Assets.xcassets; sourceTree = "<group>"; };
		F95DE56223DE2F0F00BE1BD5 /* Preview Assets.xcassets */ = {isa = PBXFileReference; lastKnownFileType = folder.assetcatalog; path = "Preview Assets.xcassets"; sourceTree = "<group>"; };
		F95DE56523DE2F0F00BE1BD5 /* Base */ = {isa = PBXFileReference; lastKnownFileType = file.storyboard; name = Base; path = Base.lproj/LaunchScreen.storyboard; sourceTree = "<group>"; };
		F95DE56723DE2F0F00BE1BD5 /* Info.plist */ = {isa = PBXFileReference; lastKnownFileType = text.plist.xml; path = Info.plist; sourceTree = "<group>"; };
		F95DE57223DE345700BE1BD5 /* places.json */ = {isa = PBXFileReference; lastKnownFileType = text.json; path = places.json; sourceTree = "<group>"; };
		F95DE57423DE347F00BE1BD5 /* Session.swift */ = {isa = PBXFileReference; fileEncoding = 4; lastKnownFileType = sourcecode.swift; path = Session.swift; sourceTree = "<group>"; };
		F95DE57523DE348000BE1BD5 /* Dataloader.swift */ = {isa = PBXFileReference; fileEncoding = 4; lastKnownFileType = sourcecode.swift; path = Dataloader.swift; sourceTree = "<group>"; };
		F95DE57823DE349500BE1BD5 /* MapView.swift */ = {isa = PBXFileReference; fileEncoding = 4; lastKnownFileType = sourcecode.swift; path = MapView.swift; sourceTree = "<group>"; };
		F95DE57A23DE349500BE1BD5 /* AutoFocusTextField.swift */ = {isa = PBXFileReference; fileEncoding = 4; lastKnownFileType = sourcecode.swift; path = AutoFocusTextField.swift; sourceTree = "<group>"; };
		F95DE57C23DE349500BE1BD5 /* PlaceDetail.swift */ = {isa = PBXFileReference; fileEncoding = 4; lastKnownFileType = sourcecode.swift; path = PlaceDetail.swift; sourceTree = "<group>"; };
		F95DE57D23DE349600BE1BD5 /* Store.swift */ = {isa = PBXFileReference; fileEncoding = 4; lastKnownFileType = sourcecode.swift; path = Store.swift; sourceTree = "<group>"; };
		F95DE57F23DE349600BE1BD5 /* AssociatesRow.swift */ = {isa = PBXFileReference; fileEncoding = 4; lastKnownFileType = sourcecode.swift; path = AssociatesRow.swift; sourceTree = "<group>"; };
		F95DE58223DE349600BE1BD5 /* StoreCategoriesRow.swift */ = {isa = PBXFileReference; fileEncoding = 4; lastKnownFileType = sourcecode.swift; path = StoreCategoriesRow.swift; sourceTree = "<group>"; };
		F95DE58323DE349600BE1BD5 /* ImageCarouselView.swift */ = {isa = PBXFileReference; fileEncoding = 4; lastKnownFileType = sourcecode.swift; path = ImageCarouselView.swift; sourceTree = "<group>"; };
		F95DE58423DE349600BE1BD5 /* DreamListRow.swift */ = {isa = PBXFileReference; fileEncoding = 4; lastKnownFileType = sourcecode.swift; path = DreamListRow.swift; sourceTree = "<group>"; };
		F95DE58523DE349600BE1BD5 /* PlacesList.swift */ = {isa = PBXFileReference; fileEncoding = 4; lastKnownFileType = sourcecode.swift; path = PlacesList.swift; sourceTree = "<group>"; };
		F95DE58623DE349600BE1BD5 /* Progression.swift */ = {isa = PBXFileReference; fileEncoding = 4; lastKnownFileType = sourcecode.swift; path = Progression.swift; sourceTree = "<group>"; };
		F95DE58723DE349600BE1BD5 /* PlacePager.swift */ = {isa = PBXFileReference; fileEncoding = 4; lastKnownFileType = sourcecode.swift; path = PlacePager.swift; sourceTree = "<group>"; };
		F95DE58823DE349600BE1BD5 /* TextView.swift */ = {isa = PBXFileReference; fileEncoding = 4; lastKnownFileType = sourcecode.swift; path = TextView.swift; sourceTree = "<group>"; };
		F95DE58A23DE349600BE1BD5 /* DreamList.swift */ = {isa = PBXFileReference; fileEncoding = 4; lastKnownFileType = sourcecode.swift; path = DreamList.swift; sourceTree = "<group>"; };
		F95DE58B23DE349700BE1BD5 /* PageView.swift */ = {isa = PBXFileReference; fileEncoding = 4; lastKnownFileType = sourcecode.swift; path = PageView.swift; sourceTree = "<group>"; };
		F95DE5A123DE34A800BE1BD5 /* Place.swift */ = {isa = PBXFileReference; fileEncoding = 4; lastKnownFileType = sourcecode.swift; path = Place.swift; sourceTree = "<group>"; };
		F95DE5A223DE34A800BE1BD5 /* PlaceStore.swift */ = {isa = PBXFileReference; fileEncoding = 4; lastKnownFileType = sourcecode.swift; path = PlaceStore.swift; sourceTree = "<group>"; };
		F95DE5AC23DE357800BE1BD5 /* 1.jpg */ = {isa = PBXFileReference; lastKnownFileType = image.jpeg; path = 1.jpg; sourceTree = "<group>"; };
		F95DE5AD23DE357800BE1BD5 /* 4.jpg */ = {isa = PBXFileReference; lastKnownFileType = image.jpeg; path = 4.jpg; sourceTree = "<group>"; };
		F95DE5AE23DE357800BE1BD5 /* 2.jpg */ = {isa = PBXFileReference; lastKnownFileType = image.jpeg; path = 2.jpg; sourceTree = "<group>"; };
		F95DE5AF23DE357800BE1BD5 /* 3.jpg */ = {isa = PBXFileReference; lastKnownFileType = image.jpeg; path = 3.jpg; sourceTree = "<group>"; };
		F95DE5B823DE416D00BE1BD5 /* Dream.swift */ = {isa = PBXFileReference; fileEncoding = 4; lastKnownFileType = sourcecode.swift; path = Dream.swift; sourceTree = "<group>"; };
		F95DE5BA23DE422F00BE1BD5 /* DreamDetail.swift */ = {isa = PBXFileReference; fileEncoding = 4; lastKnownFileType = sourcecode.swift; path = DreamDetail.swift; sourceTree = "<group>"; };
		F95DE5BC23DE4A2900BE1BD5 /* PlacesMap.swift */ = {isa = PBXFileReference; lastKnownFileType = sourcecode.swift; path = PlacesMap.swift; sourceTree = "<group>"; };
		F9DC21D323E0CEC20023B8EF /* RegionsMap.swift */ = {isa = PBXFileReference; lastKnownFileType = sourcecode.swift; path = RegionsMap.swift; sourceTree = "<group>"; };
/* End PBXFileReference section */

/* Begin PBXFrameworksBuildPhase section */
		F95DE55323DE2F0E00BE1BD5 /* Frameworks */ = {
			isa = PBXFrameworksBuildPhase;
			buildActionMask = 2147483647;
			files = (
				F95DE5B723DE3BE500BE1BD5 /* QGrid in Frameworks */,
			);
			runOnlyForDeploymentPostprocessing = 0;
		};
/* End PBXFrameworksBuildPhase section */

/* Begin PBXGroup section */
		F95DE54D23DE2F0E00BE1BD5 = {
			isa = PBXGroup;
			children = (
				F95DE55823DE2F0F00BE1BD5 /* TripList */,
				F95DE55723DE2F0E00BE1BD5 /* Products */,
			);
			sourceTree = "<group>";
		};
		F95DE55723DE2F0E00BE1BD5 /* Products */ = {
			isa = PBXGroup;
			children = (
				F95DE55623DE2F0E00BE1BD5 /* TripList.app */,
			);
			name = Products;
			sourceTree = "<group>";
		};
		F95DE55823DE2F0F00BE1BD5 /* TripList */ = {
			isa = PBXGroup;
			children = (
				F95DE55923DE2F0F00BE1BD5 /* AppDelegate.swift */,
				F95DE55B23DE2F0F00BE1BD5 /* SceneDelegate.swift */,
				F95DE55D23DE2F0F00BE1BD5 /* ContentView.swift */,
				F95DE57023DE2F6100BE1BD5 /* assets */,
				F95DE56F23DE2F3B00BE1BD5 /* utils */,
				F95DE56E23DE2F3300BE1BD5 /* views */,
				F95DE56D23DE2F1F00BE1BD5 /* models */,
				F95DE55F23DE2F0F00BE1BD5 /* Assets.xcassets */,
				F95DE56423DE2F0F00BE1BD5 /* LaunchScreen.storyboard */,
				F95DE56723DE2F0F00BE1BD5 /* Info.plist */,
				F95DE56123DE2F0F00BE1BD5 /* Preview Content */,
			);
			path = TripList;
			sourceTree = "<group>";
		};
		F95DE56123DE2F0F00BE1BD5 /* Preview Content */ = {
			isa = PBXGroup;
			children = (
				F95DE56223DE2F0F00BE1BD5 /* Preview Assets.xcassets */,
			);
			path = "Preview Content";
			sourceTree = "<group>";
		};
		F95DE56D23DE2F1F00BE1BD5 /* models */ = {
			isa = PBXGroup;
			children = (
				F95DE5B823DE416D00BE1BD5 /* Dream.swift */,
				F95DE5A123DE34A800BE1BD5 /* Place.swift */,
				F95DE5A223DE34A800BE1BD5 /* PlaceStore.swift */,
			);
			path = models;
			sourceTree = "<group>";
		};
		F95DE56E23DE2F3300BE1BD5 /* views */ = {
			isa = PBXGroup;
			children = (
				F95DE58A23DE349600BE1BD5 /* DreamList.swift */,
				F95DE58423DE349600BE1BD5 /* DreamListRow.swift */,
				F95DE5BA23DE422F00BE1BD5 /* DreamDetail.swift */,
				F95DE5BC23DE4A2900BE1BD5 /* PlacesMap.swift */,
				F95DE58523DE349600BE1BD5 /* PlacesList.swift */,
				F95DE58723DE349600BE1BD5 /* PlacePager.swift */,
				F95DE57C23DE349500BE1BD5 /* PlaceDetail.swift */,
				F95DE57F23DE349600BE1BD5 /* AssociatesRow.swift */,
				F95DE58623DE349600BE1BD5 /* Progression.swift */,
				F95DE57D23DE349600BE1BD5 /* Store.swift */,
				F95DE58223DE349600BE1BD5 /* StoreCategoriesRow.swift */,
				F95DE5B423DE39D000BE1BD5 /* components */,
			);
			path = views;
			sourceTree = "<group>";
		};
		F95DE56F23DE2F3B00BE1BD5 /* utils */ = {
			isa = PBXGroup;
			children = (
				F95DE57523DE348000BE1BD5 /* Dataloader.swift */,
				F95DE57423DE347F00BE1BD5 /* Session.swift */,
			);
			path = utils;
			sourceTree = "<group>";
		};
		F95DE57023DE2F6100BE1BD5 /* assets */ = {
			isa = PBXGroup;
			children = (
				F95DE57123DE2F6D00BE1BD5 /* places */,
				F95DE57223DE345700BE1BD5 /* places.json */,
			);
			path = assets;
			sourceTree = "<group>";
		};
		F95DE57123DE2F6D00BE1BD5 /* places */ = {
			isa = PBXGroup;
			children = (
				F95DE5AC23DE357800BE1BD5 /* 1.jpg */,
				F95DE5AE23DE357800BE1BD5 /* 2.jpg */,
				F95DE5AF23DE357800BE1BD5 /* 3.jpg */,
				F95DE5AD23DE357800BE1BD5 /* 4.jpg */,
			);
			path = places;
			sourceTree = "<group>";
		};
		F95DE5B423DE39D000BE1BD5 /* components */ = {
			isa = PBXGroup;
			children = (
				F95DE57823DE349500BE1BD5 /* MapView.swift */,
				F9DC21D323E0CEC20023B8EF /* RegionsMap.swift */,
				F95DE57A23DE349500BE1BD5 /* AutoFocusTextField.swift */,
				F95DE58323DE349600BE1BD5 /* ImageCarouselView.swift */,
				F95DE58B23DE349700BE1BD5 /* PageView.swift */,
				F95DE58823DE349600BE1BD5 /* TextView.swift */,
			);
			path = components;
			sourceTree = "<group>";
		};
/* End PBXGroup section */

/* Begin PBXNativeTarget section */
		F95DE55523DE2F0E00BE1BD5 /* TripList */ = {
			isa = PBXNativeTarget;
			buildConfigurationList = F95DE56A23DE2F0F00BE1BD5 /* Build configuration list for PBXNativeTarget "TripList" */;
			buildPhases = (
				F95DE55223DE2F0E00BE1BD5 /* Sources */,
				F95DE55323DE2F0E00BE1BD5 /* Frameworks */,
				F95DE55423DE2F0E00BE1BD5 /* Resources */,
			);
			buildRules = (
			);
			dependencies = (
			);
			name = TripList;
			packageProductDependencies = (
				F95DE5B623DE3BE500BE1BD5 /* QGrid */,
			);
			productName = TripList;
			productReference = F95DE55623DE2F0E00BE1BD5 /* TripList.app */;
			productType = "com.apple.product-type.application";
		};
/* End PBXNativeTarget section */

/* Begin PBXProject section */
		F95DE54E23DE2F0E00BE1BD5 /* Project object */ = {
			isa = PBXProject;
			attributes = {
				LastSwiftUpdateCheck = 1130;
				LastUpgradeCheck = 1130;
				ORGANIZATIONNAME = "Julien Vanheule";
				TargetAttributes = {
					F95DE55523DE2F0E00BE1BD5 = {
						CreatedOnToolsVersion = 11.3.1;
					};
				};
			};
			buildConfigurationList = F95DE55123DE2F0E00BE1BD5 /* Build configuration list for PBXProject "TripList" */;
			compatibilityVersion = "Xcode 9.3";
			developmentRegion = en;
			hasScannedForEncodings = 0;
			knownRegions = (
				en,
				Base,
			);
			mainGroup = F95DE54D23DE2F0E00BE1BD5;
			packageReferences = (
				F95DE5B523DE3BE500BE1BD5 /* XCRemoteSwiftPackageReference "QGrid" */,
			);
			productRefGroup = F95DE55723DE2F0E00BE1BD5 /* Products */;
			projectDirPath = "";
			projectRoot = "";
			targets = (
				F95DE55523DE2F0E00BE1BD5 /* TripList */,
			);
		};
/* End PBXProject section */

/* Begin PBXResourcesBuildPhase section */
		F95DE55423DE2F0E00BE1BD5 /* Resources */ = {
			isa = PBXResourcesBuildPhase;
			buildActionMask = 2147483647;
			files = (
				F95DE5B123DE357800BE1BD5 /* 4.jpg in Resources */,
				F95DE56623DE2F0F00BE1BD5 /* LaunchScreen.storyboard in Resources */,
				F95DE5B223DE357800BE1BD5 /* 2.jpg in Resources */,
				F95DE56323DE2F0F00BE1BD5 /* Preview Assets.xcassets in Resources */,
				F95DE56023DE2F0F00BE1BD5 /* Assets.xcassets in Resources */,
				F95DE57323DE345700BE1BD5 /* places.json in Resources */,
				F95DE5B023DE357800BE1BD5 /* 1.jpg in Resources */,
				F95DE5B323DE357800BE1BD5 /* 3.jpg in Resources */,
			);
			runOnlyForDeploymentPostprocessing = 0;
		};
/* End PBXResourcesBuildPhase section */

/* Begin PBXSourcesBuildPhase section */
		F95DE55223DE2F0E00BE1BD5 /* Sources */ = {
			isa = PBXSourcesBuildPhase;
			buildActionMask = 2147483647;
			files = (
				F95DE55A23DE2F0F00BE1BD5 /* AppDelegate.swift in Sources */,
				F9DC21D423E0CEC20023B8EF /* RegionsMap.swift in Sources */,
				F95DE5B923DE416D00BE1BD5 /* Dream.swift in Sources */,
				F95DE59C23DE349700BE1BD5 /* TextView.swift in Sources */,
				F95DE58C23DE349700BE1BD5 /* MapView.swift in Sources */,
				F95DE59B23DE349700BE1BD5 /* PlacePager.swift in Sources */,
				F95DE59823DE349700BE1BD5 /* DreamListRow.swift in Sources */,
				F95DE57623DE348000BE1BD5 /* Session.swift in Sources */,
				F95DE59323DE349700BE1BD5 /* AssociatesRow.swift in Sources */,
				F95DE5BD23DE4A2900BE1BD5 /* PlacesMap.swift in Sources */,
				F95DE55C23DE2F0F00BE1BD5 /* SceneDelegate.swift in Sources */,
				F95DE57723DE348000BE1BD5 /* Dataloader.swift in Sources */,
				F95DE5A723DE34A900BE1BD5 /* Place.swift in Sources */,
				F95DE59123DE349700BE1BD5 /* Store.swift in Sources */,
				F95DE59E23DE349700BE1BD5 /* DreamList.swift in Sources */,
				F95DE5BB23DE422F00BE1BD5 /* DreamDetail.swift in Sources */,
				F95DE5A823DE34A900BE1BD5 /* PlaceStore.swift in Sources */,
				F95DE58E23DE349700BE1BD5 /* AutoFocusTextField.swift in Sources */,
				F95DE59023DE349700BE1BD5 /* PlaceDetail.swift in Sources */,
				F95DE59923DE349700BE1BD5 /* PlacesList.swift in Sources */,
				F95DE59A23DE349700BE1BD5 /* Progression.swift in Sources */,
				F95DE59F23DE349700BE1BD5 /* PageView.swift in Sources */,
				F95DE59623DE349700BE1BD5 /* StoreCategoriesRow.swift in Sources */,
				F95DE59723DE349700BE1BD5 /* ImageCarouselView.swift in Sources */,
				F95DE55E23DE2F0F00BE1BD5 /* ContentView.swift in Sources */,
			);
			runOnlyForDeploymentPostprocessing = 0;
		};
/* End PBXSourcesBuildPhase section */

/* Begin PBXVariantGroup section */
		F95DE56423DE2F0F00BE1BD5 /* LaunchScreen.storyboard */ = {
			isa = PBXVariantGroup;
			children = (
				F95DE56523DE2F0F00BE1BD5 /* Base */,
			);
			name = LaunchScreen.storyboard;
			sourceTree = "<group>";
		};
/* End PBXVariantGroup section */

/* Begin XCBuildConfiguration section */
		F95DE56823DE2F0F00BE1BD5 /* Debug */ = {
			isa = XCBuildConfiguration;
			buildSettings = {
				ALWAYS_SEARCH_USER_PATHS = NO;
				CLANG_ANALYZER_NONNULL = YES;
				CLANG_ANALYZER_NUMBER_OBJECT_CONVERSION = YES_AGGRESSIVE;
				CLANG_CXX_LANGUAGE_STANDARD = "gnu++14";
				CLANG_CXX_LIBRARY = "libc++";
				CLANG_ENABLE_MODULES = YES;
				CLANG_ENABLE_OBJC_ARC = YES;
				CLANG_ENABLE_OBJC_WEAK = YES;
				CLANG_WARN_BLOCK_CAPTURE_AUTORELEASING = YES;
				CLANG_WARN_BOOL_CONVERSION = YES;
				CLANG_WARN_COMMA = YES;
				CLANG_WARN_CONSTANT_CONVERSION = YES;
				CLANG_WARN_DEPRECATED_OBJC_IMPLEMENTATIONS = YES;
				CLANG_WARN_DIRECT_OBJC_ISA_USAGE = YES_ERROR;
				CLANG_WARN_DOCUMENTATION_COMMENTS = YES;
				CLANG_WARN_EMPTY_BODY = YES;
				CLANG_WARN_ENUM_CONVERSION = YES;
				CLANG_WARN_INFINITE_RECURSION = YES;
				CLANG_WARN_INT_CONVERSION = YES;
				CLANG_WARN_NON_LITERAL_NULL_CONVERSION = YES;
				CLANG_WARN_OBJC_IMPLICIT_RETAIN_SELF = YES;
				CLANG_WARN_OBJC_LITERAL_CONVERSION = YES;
				CLANG_WARN_OBJC_ROOT_CLASS = YES_ERROR;
				CLANG_WARN_RANGE_LOOP_ANALYSIS = YES;
				CLANG_WARN_STRICT_PROTOTYPES = YES;
				CLANG_WARN_SUSPICIOUS_MOVE = YES;
				CLANG_WARN_UNGUARDED_AVAILABILITY = YES_AGGRESSIVE;
				CLANG_WARN_UNREACHABLE_CODE = YES;
				CLANG_WARN__DUPLICATE_METHOD_MATCH = YES;
				COPY_PHASE_STRIP = NO;
				DEBUG_INFORMATION_FORMAT = dwarf;
				ENABLE_STRICT_OBJC_MSGSEND = YES;
				ENABLE_TESTABILITY = YES;
				GCC_C_LANGUAGE_STANDARD = gnu11;
				GCC_DYNAMIC_NO_PIC = NO;
				GCC_NO_COMMON_BLOCKS = YES;
				GCC_OPTIMIZATION_LEVEL = 0;
				GCC_PREPROCESSOR_DEFINITIONS = (
					"DEBUG=1",
					"$(inherited)",
				);
				GCC_WARN_64_TO_32_BIT_CONVERSION = YES;
				GCC_WARN_ABOUT_RETURN_TYPE = YES_ERROR;
				GCC_WARN_UNDECLARED_SELECTOR = YES;
				GCC_WARN_UNINITIALIZED_AUTOS = YES_AGGRESSIVE;
				GCC_WARN_UNUSED_FUNCTION = YES;
				GCC_WARN_UNUSED_VARIABLE = YES;
				IPHONEOS_DEPLOYMENT_TARGET = 13.2;
				MTL_ENABLE_DEBUG_INFO = INCLUDE_SOURCE;
				MTL_FAST_MATH = YES;
				ONLY_ACTIVE_ARCH = YES;
				SDKROOT = iphoneos;
				SWIFT_ACTIVE_COMPILATION_CONDITIONS = DEBUG;
				SWIFT_OPTIMIZATION_LEVEL = "-Onone";
			};
			name = Debug;
		};
		F95DE56923DE2F0F00BE1BD5 /* Release */ = {
			isa = XCBuildConfiguration;
			buildSettings = {
				ALWAYS_SEARCH_USER_PATHS = NO;
				CLANG_ANALYZER_NONNULL = YES;
				CLANG_ANALYZER_NUMBER_OBJECT_CONVERSION = YES_AGGRESSIVE;
				CLANG_CXX_LANGUAGE_STANDARD = "gnu++14";
				CLANG_CXX_LIBRARY = "libc++";
				CLANG_ENABLE_MODULES = YES;
				CLANG_ENABLE_OBJC_ARC = YES;
				CLANG_ENABLE_OBJC_WEAK = YES;
				CLANG_WARN_BLOCK_CAPTURE_AUTORELEASING = YES;
				CLANG_WARN_BOOL_CONVERSION = YES;
				CLANG_WARN_COMMA = YES;
				CLANG_WARN_CONSTANT_CONVERSION = YES;
				CLANG_WARN_DEPRECATED_OBJC_IMPLEMENTATIONS = YES;
				CLANG_WARN_DIRECT_OBJC_ISA_USAGE = YES_ERROR;
				CLANG_WARN_DOCUMENTATION_COMMENTS = YES;
				CLANG_WARN_EMPTY_BODY = YES;
				CLANG_WARN_ENUM_CONVERSION = YES;
				CLANG_WARN_INFINITE_RECURSION = YES;
				CLANG_WARN_INT_CONVERSION = YES;
				CLANG_WARN_NON_LITERAL_NULL_CONVERSION = YES;
				CLANG_WARN_OBJC_IMPLICIT_RETAIN_SELF = YES;
				CLANG_WARN_OBJC_LITERAL_CONVERSION = YES;
				CLANG_WARN_OBJC_ROOT_CLASS = YES_ERROR;
				CLANG_WARN_RANGE_LOOP_ANALYSIS = YES;
				CLANG_WARN_STRICT_PROTOTYPES = YES;
				CLANG_WARN_SUSPICIOUS_MOVE = YES;
				CLANG_WARN_UNGUARDED_AVAILABILITY = YES_AGGRESSIVE;
				CLANG_WARN_UNREACHABLE_CODE = YES;
				CLANG_WARN__DUPLICATE_METHOD_MATCH = YES;
				COPY_PHASE_STRIP = NO;
				DEBUG_INFORMATION_FORMAT = "dwarf-with-dsym";
				ENABLE_NS_ASSERTIONS = NO;
				ENABLE_STRICT_OBJC_MSGSEND = YES;
				GCC_C_LANGUAGE_STANDARD = gnu11;
				GCC_NO_COMMON_BLOCKS = YES;
				GCC_WARN_64_TO_32_BIT_CONVERSION = YES;
				GCC_WARN_ABOUT_RETURN_TYPE = YES_ERROR;
				GCC_WARN_UNDECLARED_SELECTOR = YES;
				GCC_WARN_UNINITIALIZED_AUTOS = YES_AGGRESSIVE;
				GCC_WARN_UNUSED_FUNCTION = YES;
				GCC_WARN_UNUSED_VARIABLE = YES;
				IPHONEOS_DEPLOYMENT_TARGET = 13.2;
				MTL_ENABLE_DEBUG_INFO = NO;
				MTL_FAST_MATH = YES;
				SDKROOT = iphoneos;
				SWIFT_COMPILATION_MODE = wholemodule;
				SWIFT_OPTIMIZATION_LEVEL = "-O";
				VALIDATE_PRODUCT = YES;
			};
			name = Release;
		};
		F95DE56B23DE2F0F00BE1BD5 /* Debug */ = {
			isa = XCBuildConfiguration;
			buildSettings = {
				ASSETCATALOG_COMPILER_APPICON_NAME = AppIcon;
				CODE_SIGN_STYLE = Automatic;
				DEVELOPMENT_ASSET_PATHS = "\"TripList/Preview Content\"";
				DEVELOPMENT_TEAM = G49XQYC5WE;
				ENABLE_PREVIEWS = YES;
				INFOPLIST_FILE = TripList/Info.plist;
				LD_RUNPATH_SEARCH_PATHS = (
					"$(inherited)",
					"@executable_path/Frameworks",
				);
				PRODUCT_BUNDLE_IDENTIFIER = com.jva.app.triplist.TripList;
				PRODUCT_NAME = "$(TARGET_NAME)";
				SWIFT_VERSION = 5.0;
				TARGETED_DEVICE_FAMILY = "1,2";
			};
			name = Debug;
		};
		F95DE56C23DE2F0F00BE1BD5 /* Release */ = {
			isa = XCBuildConfiguration;
			buildSettings = {
				ASSETCATALOG_COMPILER_APPICON_NAME = AppIcon;
				CODE_SIGN_STYLE = Automatic;
				DEVELOPMENT_ASSET_PATHS = "\"TripList/Preview Content\"";
				DEVELOPMENT_TEAM = G49XQYC5WE;
				ENABLE_PREVIEWS = YES;
				INFOPLIST_FILE = TripList/Info.plist;
				LD_RUNPATH_SEARCH_PATHS = (
					"$(inherited)",
					"@executable_path/Frameworks",
				);
				PRODUCT_BUNDLE_IDENTIFIER = com.jva.app.triplist.TripList;
				PRODUCT_NAME = "$(TARGET_NAME)";
				SWIFT_VERSION = 5.0;
				TARGETED_DEVICE_FAMILY = "1,2";
			};
			name = Release;
		};
/* End XCBuildConfiguration section */

/* Begin XCConfigurationList section */
		F95DE55123DE2F0E00BE1BD5 /* Build configuration list for PBXProject "TripList" */ = {
			isa = XCConfigurationList;
			buildConfigurations = (
				F95DE56823DE2F0F00BE1BD5 /* Debug */,
				F95DE56923DE2F0F00BE1BD5 /* Release */,
			);
			defaultConfigurationIsVisible = 0;
			defaultConfigurationName = Release;
		};
		F95DE56A23DE2F0F00BE1BD5 /* Build configuration list for PBXNativeTarget "TripList" */ = {
			isa = XCConfigurationList;
			buildConfigurations = (
				F95DE56B23DE2F0F00BE1BD5 /* Debug */,
				F95DE56C23DE2F0F00BE1BD5 /* Release */,
			);
			defaultConfigurationIsVisible = 0;
			defaultConfigurationName = Release;
		};
/* End XCConfigurationList section */

/* Begin XCRemoteSwiftPackageReference section */
		F95DE5B523DE3BE500BE1BD5 /* XCRemoteSwiftPackageReference "QGrid" */ = {
			isa = XCRemoteSwiftPackageReference;
			repositoryURL = "https://github.com/Q-Mobile/QGrid";
			requirement = {
				kind = exactVersion;
				version = 0.1.3;
			};
		};
/* End XCRemoteSwiftPackageReference section */

/* Begin XCSwiftPackageProductDependency section */
		F95DE5B623DE3BE500BE1BD5 /* QGrid */ = {
			isa = XCSwiftPackageProductDependency;
			package = F95DE5B523DE3BE500BE1BD5 /* XCRemoteSwiftPackageReference "QGrid" */;
			productName = QGrid;
		};
/* End XCSwiftPackageProductDependency section */
	};
	rootObject = F95DE54E23DE2F0E00BE1BD5 /* Project object */;
}
