// !$*UTF8*$!
{
	archiveVersion = 1;
	classes = {
	};
	objectVersion = 52;
	objects = {

/* Begin PBXBuildFile section */
		F91DED9E23E6EAE800D8FFD7 /* BottomSheetView.swift in Sources */ = {isa = PBXBuildFile; fileRef = F91DED9D23E6EAE800D8FFD7 /* BottomSheetView.swift */; };
		F91DEDA023E6F4DD00D8FFD7 /* PlaceMapDrawer.swift in Sources */ = {isa = PBXBuildFile; fileRef = F91DED9F23E6F4DD00D8FFD7 /* PlaceMapDrawer.swift */; };
		F91DEDA323E8A26E00D8FFD7 /* TripList.xcdatamodeld in Sources */ = {isa = PBXBuildFile; fileRef = F91DEDA123E8A26D00D8FFD7 /* TripList.xcdatamodeld */; };
		F91DEDCA23E9BAB900D8FFD7 /* Completion.swift in Sources */ = {isa = PBXBuildFile; fileRef = F91DEDC923E9BAB900D8FFD7 /* Completion.swift */; };
		F94B491E240026220055956D /* MarchDeNolDeStrasbourg.jpg in Resources */ = {isa = PBXBuildFile; fileRef = F94B48DB2400261C0055956D /* MarchDeNolDeStrasbourg.jpg */; };
		F94B491F240026220055956D /* GorgesdeKakuetta.jpg in Resources */ = {isa = PBXBuildFile; fileRef = F94B48DC2400261C0055956D /* GorgesdeKakuetta.jpg */; };
		F94B4920240026220055956D /* Riquewihr.jpg in Resources */ = {isa = PBXBuildFile; fileRef = F94B48DD2400261C0055956D /* Riquewihr.jpg */; };
		F94B4921240026220055956D /* ParcdeWesserlingcomuseTextile.jpg in Resources */ = {isa = PBXBuildFile; fileRef = F94B48DE2400261D0055956D /* ParcdeWesserlingcomuseTextile.jpg */; };
		F94B4922240026220055956D /* CollongeslaRouge.jpg in Resources */ = {isa = PBXBuildFile; fileRef = F94B48DF2400261D0055956D /* CollongeslaRouge.jpg */; };
		F94B4923240026220055956D /* PharedeCordouan.jpg in Resources */ = {isa = PBXBuildFile; fileRef = F94B48E02400261D0055956D /* PharedeCordouan.jpg */; };
		F94B4924240026220055956D /* CapFerret.jpg in Resources */ = {isa = PBXBuildFile; fileRef = F94B48E12400261D0055956D /* CapFerret.jpg */; };
		F94B4925240026220055956D /* SaintHippolyte.jpg in Resources */ = {isa = PBXBuildFile; fileRef = F94B48E22400261D0055956D /* SaintHippolyte.jpg */; };
		F94B4926240026220055956D /* DuneduPilat.jpg in Resources */ = {isa = PBXBuildFile; fileRef = F94B48E32400261D0055956D /* DuneduPilat.jpg */; };
		F94B4927240026220055956D /* SarlatlaCanda.jpg in Resources */ = {isa = PBXBuildFile; fileRef = F94B48E42400261D0055956D /* SarlatlaCanda.jpg */; };
		F94B4928240026220055956D /* Bergheim.jpg in Resources */ = {isa = PBXBuildFile; fileRef = F94B48E52400261D0055956D /* Bergheim.jpg */; };
		F94B4929240026220055956D /* Eguisheim.jpg in Resources */ = {isa = PBXBuildFile; fileRef = F94B48E62400261D0055956D /* Eguisheim.jpg */; };
		F94B492A240026220055956D /* Niedermorschwihr.jpg in Resources */ = {isa = PBXBuildFile; fileRef = F94B48E72400261D0055956D /* Niedermorschwihr.jpg */; };
		F94B492B240026220055956D /* PetiteFrance.jpg in Resources */ = {isa = PBXBuildFile; fileRef = F94B48E82400261D0055956D /* PetiteFrance.jpg */; };
		F94B492C240026220055956D /* CitdelAutomobile.jpg in Resources */ = {isa = PBXBuildFile; fileRef = F94B48E92400261D0055956D /* CitdelAutomobile.jpg */; };
		F94B492D240026220055956D /* AbbayedeBrantme.jpg in Resources */ = {isa = PBXBuildFile; fileRef = F94B48EA2400261D0055956D /* AbbayedeBrantme.jpg */; };
		F94B492E240026220055956D /* Colmar.jpg in Resources */ = {isa = PBXBuildFile; fileRef = F94B48EB2400261D0055956D /* Colmar.jpg */; };
		F94B492F240026220055956D /* comusedeMarquze.jpg in Resources */ = {isa = PBXBuildFile; fileRef = F94B48EC2400261E0055956D /* comusedeMarquze.jpg */; };
		F94B4930240026220055956D /* BeynacetCazenac.jpg in Resources */ = {isa = PBXBuildFile; fileRef = F94B48ED2400261E0055956D /* BeynacetCazenac.jpg */; };
		F94B4931240026220055956D /* FtesDeBayonne.jpg in Resources */ = {isa = PBXBuildFile; fileRef = F94B48EE2400261E0055956D /* FtesDeBayonne.jpg */; };
		F94B4932240026220055956D /* BibliothqueHumaniste.jpg in Resources */ = {isa = PBXBuildFile; fileRef = F94B48EF2400261E0055956D /* BibliothqueHumaniste.jpg */; };
		F94B4933240026220055956D /* CathdraleNotreDamedeStrasbourg.jpg in Resources */ = {isa = PBXBuildFile; fileRef = F94B48F02400261E0055956D /* CathdraleNotreDamedeStrasbourg.jpg */; };
		F94B4934240026220055956D /* Masgot.jpg in Resources */ = {isa = PBXBuildFile; fileRef = F94B48F12400261E0055956D /* Masgot.jpg */; };
		F94B4935240026220055956D /* Curemonte.jpg in Resources */ = {isa = PBXBuildFile; fileRef = F94B48F22400261E0055956D /* Curemonte.jpg */; };
		F94B4936240026220055956D /* Monflanquin.jpg in Resources */ = {isa = PBXBuildFile; fileRef = F94B48F32400261E0055956D /* Monflanquin.jpg */; };
		F94B4937240026220055956D /* Pujols.jpg in Resources */ = {isa = PBXBuildFile; fileRef = F94B48F42400261E0055956D /* Pujols.jpg */; };
		F94B4938240026220055956D /* Urepel.jpg in Resources */ = {isa = PBXBuildFile; fileRef = F94B48F52400261E0055956D /* Urepel.jpg */; };
		F94B4939240026220055956D /* GouffredeProumeyssac.jpg in Resources */ = {isa = PBXBuildFile; fileRef = F94B48F62400261E0055956D /* GouffredeProumeyssac.jpg */; };
		F94B493A240026220055956D /* GrottedeLaVerna.jpg in Resources */ = {isa = PBXBuildFile; fileRef = F94B48F72400261E0055956D /* GrottedeLaVerna.jpg */; };
		F94B493B240026220055956D /* SaintJeanPieddePort.jpg in Resources */ = {isa = PBXBuildFile; fileRef = F94B48F82400261E0055956D /* SaintJeanPieddePort.jpg */; };
		F94B493C240026220055956D /* Vesunnamusegalloromain.jpg in Resources */ = {isa = PBXBuildFile; fileRef = F94B48F92400261F0055956D /* Vesunnamusegalloromain.jpg */; };
		F94B493D240026220055956D /* Monpazier.jpg in Resources */ = {isa = PBXBuildFile; fileRef = F94B48FA2400261F0055956D /* Monpazier.jpg */; };
		F94B493E240026220055956D /* LesJardinsdeMarqueyssac.jpg in Resources */ = {isa = PBXBuildFile; fileRef = F94B48FB2400261F0055956D /* LesJardinsdeMarqueyssac.jpg */; };
		F94B493F240026220055956D /* Kaysersberg.jpg in Resources */ = {isa = PBXBuildFile; fileRef = F94B48FC2400261F0055956D /* Kaysersberg.jpg */; };
		F94B4940240026220055956D /* ParcNaturelRgionaldeMillevachesenLimousin.jpg in Resources */ = {isa = PBXBuildFile; fileRef = F94B48FD2400261F0055956D /* ParcNaturelRgionaldeMillevachesenLimousin.jpg */; };
		F94B4941240026220055956D /* SaintJeandeLuz.jpg in Resources */ = {isa = PBXBuildFile; fileRef = F94B48FE2400261F0055956D /* SaintJeandeLuz.jpg */; };
		F94B4942240026220055956D /* MassifduTaennchel.jpg in Resources */ = {isa = PBXBuildFile; fileRef = F94B48FF2400261F0055956D /* MassifduTaennchel.jpg */; };
		F94B4943240026220055956D /* Mittelbergheim.jpg in Resources */ = {isa = PBXBuildFile; fileRef = F94B49002400261F0055956D /* Mittelbergheim.jpg */; };
		F94B4944240026220055956D /* MuseUnterlinden.jpg in Resources */ = {isa = PBXBuildFile; fileRef = F94B49012400261F0055956D /* MuseUnterlinden.jpg */; };
		F94B4945240026220055956D /* Hunawihr.jpg in Resources */ = {isa = PBXBuildFile; fileRef = F94B49022400261F0055956D /* Hunawihr.jpg */; };
		F94B4946240026220055956D /* ChteaudeVillemonteix.jpg in Resources */ = {isa = PBXBuildFile; fileRef = F94B49032400261F0055956D /* ChteaudeVillemonteix.jpg */; };
		F94B4947240026220055956D /* OradoursurGlane.jpg in Resources */ = {isa = PBXBuildFile; fileRef = F94B4904240026200055956D /* OradoursurGlane.jpg */; };
		F94B4948240026220055956D /* Uzerche.jpg in Resources */ = {isa = PBXBuildFile; fileRef = F94B4905240026200055956D /* Uzerche.jpg */; };
		F94B4949240026220055956D /* Eyrignacetsesjardins.jpg in Resources */ = {isa = PBXBuildFile; fileRef = F94B4906240026200055956D /* Eyrignacetsesjardins.jpg */; };
		F94B494A240026220055956D /* Museduclotre.jpg in Resources */ = {isa = PBXBuildFile; fileRef = F94B4907240026200055956D /* Museduclotre.jpg */; };
		F94B494B240026220055956D /* LigneMaginotFortSchoenenbourg.jpg in Resources */ = {isa = PBXBuildFile; fileRef = F94B4908240026200055956D /* LigneMaginotFortSchoenenbourg.jpg */; };
		F94B494C240026220055956D /* LesToursdeMerle.jpg in Resources */ = {isa = PBXBuildFile; fileRef = F94B4909240026200055956D /* LesToursdeMerle.jpg */; };
		F94B494D240026220055956D /* Biarritz.jpg in Resources */ = {isa = PBXBuildFile; fileRef = F94B490A240026200055956D /* Biarritz.jpg */; };
		F94B494E240026220055956D /* ChteaudeBiron.jpg in Resources */ = {isa = PBXBuildFile; fileRef = F94B490B240026200055956D /* ChteaudeBiron.jpg */; };
		F94B494F240026220055956D /* LaRoqueGageac.jpg in Resources */ = {isa = PBXBuildFile; fileRef = F94B490C240026200055956D /* LaRoqueGageac.jpg */; };
		F94B4950240026220055956D /* Bordeaux.jpg in Resources */ = {isa = PBXBuildFile; fileRef = F94B490D240026200055956D /* Bordeaux.jpg */; };
		F94B4951240026220055956D /* ChteaudeChlucet.jpg in Resources */ = {isa = PBXBuildFile; fileRef = F94B490E240026200055956D /* ChteaudeChlucet.jpg */; };
		F94B4952240026220055956D /* CtedArgent.jpg in Resources */ = {isa = PBXBuildFile; fileRef = F94B490F240026200055956D /* CtedArgent.jpg */; };
		F94B4953240026220055956D /* LaCollgialeSaintThibaut.jpg in Resources */ = {isa = PBXBuildFile; fileRef = F94B4910240026200055956D /* LaCollgialeSaintThibaut.jpg */; };
		F94B4954240026220055956D /* CastelmorondAlbret.jpg in Resources */ = {isa = PBXBuildFile; fileRef = F94B4911240026210055956D /* CastelmorondAlbret.jpg */; };
		F94B4955240026220055956D /* LabastidedArmagnac.jpg in Resources */ = {isa = PBXBuildFile; fileRef = F94B4912240026210055956D /* LabastidedArmagnac.jpg */; };
		F94B4956240026220055956D /* LacdeSaintPardoux.jpg in Resources */ = {isa = PBXBuildFile; fileRef = F94B4913240026210055956D /* LacdeSaintPardoux.jpg */; };
		F94B4957240026220055956D /* Saintmilion.jpg in Resources */ = {isa = PBXBuildFile; fileRef = F94B4914240026210055956D /* Saintmilion.jpg */; };
		F94B4958240026220055956D /* LaRhune.jpg in Resources */ = {isa = PBXBuildFile; fileRef = F94B4915240026210055956D /* LaRhune.jpg */; };
		F94B4959240026220055956D /* RoutedesVins.jpg in Resources */ = {isa = PBXBuildFile; fileRef = F94B4916240026210055956D /* RoutedesVins.jpg */; };
		F94B495A240026220055956D /* RuinesdelaForteressedeCrozant.jpg in Resources */ = {isa = PBXBuildFile; fileRef = F94B4917240026210055956D /* RuinesdelaForteressedeCrozant.jpg */; };
		F94B495B240026220055956D /* BassindArcachon.jpg in Resources */ = {isa = PBXBuildFile; fileRef = F94B4918240026210055956D /* BassindArcachon.jpg */; };
		F94B495C240026220055956D /* Bayonne.jpg in Resources */ = {isa = PBXBuildFile; fileRef = F94B4919240026210055956D /* Bayonne.jpg */; };
		F94B495D240026220055956D /* LesMenetriers.jpg in Resources */ = {isa = PBXBuildFile; fileRef = F94B491A240026220055956D /* LesMenetriers.jpg */; };
		F94B495E240026220055956D /* Cadillac.jpg in Resources */ = {isa = PBXBuildFile; fileRef = F94B491B240026220055956D /* Cadillac.jpg */; };
		F94B495F240026220055956D /* ChteaudeLichtenberg.jpg in Resources */ = {isa = PBXBuildFile; fileRef = F94B491C240026220055956D /* ChteaudeLichtenberg.jpg */; };
		F94B4960240026220055956D /* SitedeSaintNazaire.jpg in Resources */ = {isa = PBXBuildFile; fileRef = F94B491D240026220055956D /* SitedeSaintNazaire.jpg */; };
		F94B4962240026300055956D /* Places.csv in Resources */ = {isa = PBXBuildFile; fileRef = F94B4961240026300055956D /* Places.csv */; };
		F951F36B23EAD70D00C89636 /* article3.jpg in Resources */ = {isa = PBXBuildFile; fileRef = F951F36823EAD70D00C89636 /* article3.jpg */; };
		F951F36C23EAD70D00C89636 /* article1.jpg in Resources */ = {isa = PBXBuildFile; fileRef = F951F36923EAD70D00C89636 /* article1.jpg */; };
		F951F36D23EAD70D00C89636 /* article2.jpg in Resources */ = {isa = PBXBuildFile; fileRef = F951F36A23EAD70D00C89636 /* article2.jpg */; };
		F95DE55A23DE2F0F00BE1BD5 /* AppDelegate.swift in Sources */ = {isa = PBXBuildFile; fileRef = F95DE55923DE2F0F00BE1BD5 /* AppDelegate.swift */; };
		F95DE55C23DE2F0F00BE1BD5 /* SceneDelegate.swift in Sources */ = {isa = PBXBuildFile; fileRef = F95DE55B23DE2F0F00BE1BD5 /* SceneDelegate.swift */; };
		F95DE55E23DE2F0F00BE1BD5 /* ContentView.swift in Sources */ = {isa = PBXBuildFile; fileRef = F95DE55D23DE2F0F00BE1BD5 /* ContentView.swift */; };
		F95DE56023DE2F0F00BE1BD5 /* Assets.xcassets in Resources */ = {isa = PBXBuildFile; fileRef = F95DE55F23DE2F0F00BE1BD5 /* Assets.xcassets */; };
		F95DE56323DE2F0F00BE1BD5 /* Preview Assets.xcassets in Resources */ = {isa = PBXBuildFile; fileRef = F95DE56223DE2F0F00BE1BD5 /* Preview Assets.xcassets */; };
		F95DE56623DE2F0F00BE1BD5 /* LaunchScreen.storyboard in Resources */ = {isa = PBXBuildFile; fileRef = F95DE56423DE2F0F00BE1BD5 /* LaunchScreen.storyboard */; };
		F95DE57623DE348000BE1BD5 /* Session.swift in Sources */ = {isa = PBXBuildFile; fileRef = F95DE57423DE347F00BE1BD5 /* Session.swift */; };
		F95DE57723DE348000BE1BD5 /* Dataloader.swift in Sources */ = {isa = PBXBuildFile; fileRef = F95DE57523DE348000BE1BD5 /* Dataloader.swift */; };
		F95DE58C23DE349700BE1BD5 /* MapView.swift in Sources */ = {isa = PBXBuildFile; fileRef = F95DE57823DE349500BE1BD5 /* MapView.swift */; };
		F95DE58E23DE349700BE1BD5 /* AutoFocusTextField.swift in Sources */ = {isa = PBXBuildFile; fileRef = F95DE57A23DE349500BE1BD5 /* AutoFocusTextField.swift */; };
		F95DE59023DE349700BE1BD5 /* PlaceDetail.swift in Sources */ = {isa = PBXBuildFile; fileRef = F95DE57C23DE349500BE1BD5 /* PlaceDetail.swift */; };
		F95DE59123DE349700BE1BD5 /* Store.swift in Sources */ = {isa = PBXBuildFile; fileRef = F95DE57D23DE349600BE1BD5 /* Store.swift */; };
		F95DE59323DE349700BE1BD5 /* AssociatesRow.swift in Sources */ = {isa = PBXBuildFile; fileRef = F95DE57F23DE349600BE1BD5 /* AssociatesRow.swift */; };
		F95DE59623DE349700BE1BD5 /* StoreCategoriesRow.swift in Sources */ = {isa = PBXBuildFile; fileRef = F95DE58223DE349600BE1BD5 /* StoreCategoriesRow.swift */; };
		F95DE59723DE349700BE1BD5 /* ImageCarouselView.swift in Sources */ = {isa = PBXBuildFile; fileRef = F95DE58323DE349600BE1BD5 /* ImageCarouselView.swift */; };
		F95DE59823DE349700BE1BD5 /* DreamListRow.swift in Sources */ = {isa = PBXBuildFile; fileRef = F95DE58423DE349600BE1BD5 /* DreamListRow.swift */; };
		F95DE59923DE349700BE1BD5 /* PlacesList.swift in Sources */ = {isa = PBXBuildFile; fileRef = F95DE58523DE349600BE1BD5 /* PlacesList.swift */; };
		F95DE59A23DE349700BE1BD5 /* Progression.swift in Sources */ = {isa = PBXBuildFile; fileRef = F95DE58623DE349600BE1BD5 /* Progression.swift */; };
		F95DE59B23DE349700BE1BD5 /* PlacePager.swift in Sources */ = {isa = PBXBuildFile; fileRef = F95DE58723DE349600BE1BD5 /* PlacePager.swift */; };
		F95DE59C23DE349700BE1BD5 /* TextView.swift in Sources */ = {isa = PBXBuildFile; fileRef = F95DE58823DE349600BE1BD5 /* TextView.swift */; };
		F95DE59E23DE349700BE1BD5 /* DreamList.swift in Sources */ = {isa = PBXBuildFile; fileRef = F95DE58A23DE349600BE1BD5 /* DreamList.swift */; };
		F95DE59F23DE349700BE1BD5 /* PageView.swift in Sources */ = {isa = PBXBuildFile; fileRef = F95DE58B23DE349700BE1BD5 /* PageView.swift */; };
		F95DE5A723DE34A900BE1BD5 /* Place.swift in Sources */ = {isa = PBXBuildFile; fileRef = F95DE5A123DE34A800BE1BD5 /* Place.swift */; };
		F95DE5A823DE34A900BE1BD5 /* PlaceStore.swift in Sources */ = {isa = PBXBuildFile; fileRef = F95DE5A223DE34A800BE1BD5 /* PlaceStore.swift */; };
		F95DE5B723DE3BE500BE1BD5 /* QGrid in Frameworks */ = {isa = PBXBuildFile; productRef = F95DE5B623DE3BE500BE1BD5 /* QGrid */; };
		F95DE5B923DE416D00BE1BD5 /* Dream.swift in Sources */ = {isa = PBXBuildFile; fileRef = F95DE5B823DE416D00BE1BD5 /* Dream.swift */; };
		F95DE5BB23DE422F00BE1BD5 /* DreamDetail.swift in Sources */ = {isa = PBXBuildFile; fileRef = F95DE5BA23DE422F00BE1BD5 /* DreamDetail.swift */; };
		F95DE5BD23DE4A2900BE1BD5 /* PlacesMap.swift in Sources */ = {isa = PBXBuildFile; fileRef = F95DE5BC23DE4A2900BE1BD5 /* PlacesMap.swift */; };
		F96D611023EB607900CD296A /* LazyView.swift in Sources */ = {isa = PBXBuildFile; fileRef = F96D610F23EB607900CD296A /* LazyView.swift */; };
		F9815CDC23EAD33100EEF9CA /* articles.json in Resources */ = {isa = PBXBuildFile; fileRef = F9815CDB23EAD33100EEF9CA /* articles.json */; };
		F9815CDE23EAD36B00EEF9CA /* Article.swift in Sources */ = {isa = PBXBuildFile; fileRef = F9815CDD23EAD36B00EEF9CA /* Article.swift */; };
		F9815CE023EAD50500EEF9CA /* StoreArticlesRow.swift in Sources */ = {isa = PBXBuildFile; fileRef = F9815CDF23EAD50500EEF9CA /* StoreArticlesRow.swift */; };
		F9815CE223EAD53900EEF9CA /* StoreArticle.swift in Sources */ = {isa = PBXBuildFile; fileRef = F9815CE123EAD53900EEF9CA /* StoreArticle.swift */; };
		F99E73A323ED9CD4006BC089 /* Reminders.swift in Sources */ = {isa = PBXBuildFile; fileRef = F99E73A223ED9CD4006BC089 /* Reminders.swift */; };
		F99E73A723EDAD54006BC089 /* ActivityViewController.swift in Sources */ = {isa = PBXBuildFile; fileRef = F99E73A623EDAD54006BC089 /* ActivityViewController.swift */; };
		F99E73A923EF0D69006BC089 /* ProgressionRegion.swift in Sources */ = {isa = PBXBuildFile; fileRef = F99E73A823EF0D69006BC089 /* ProgressionRegion.swift */; };
		F99E73AB23F34DE2006BC089 /* LocationManager.swift in Sources */ = {isa = PBXBuildFile; fileRef = F99E73AA23F34DE2006BC089 /* LocationManager.swift */; };
		F99E73AD23F3611E006BC089 /* NearestPlaces.swift in Sources */ = {isa = PBXBuildFile; fileRef = F99E73AC23F3611E006BC089 /* NearestPlaces.swift */; };
		F9C9C68423E498D2002C1DA0 /* ASCollectionView in Frameworks */ = {isa = PBXBuildFile; productRef = F9C9C68323E498D2002C1DA0 /* ASCollectionView */; };
		F9C9C68623E4B248002C1DA0 /* PlaceAnnotation.swift in Sources */ = {isa = PBXBuildFile; fileRef = F9C9C68523E4B248002C1DA0 /* PlaceAnnotation.swift */; };
		F9C9C68823E4D093002C1DA0 /* AppStyle.swift in Sources */ = {isa = PBXBuildFile; fileRef = F9C9C68723E4D093002C1DA0 /* AppStyle.swift */; };
		F9C9C68A23E4D287002C1DA0 /* UIColor+hexString.swift in Sources */ = {isa = PBXBuildFile; fileRef = F9C9C68923E4D287002C1DA0 /* UIColor+hexString.swift */; };
		F9DC21D423E0CEC20023B8EF /* RegionsMap.swift in Sources */ = {isa = PBXBuildFile; fileRef = F9DC21D323E0CEC20023B8EF /* RegionsMap.swift */; };
		F9DC21DA23E0DB1E0023B8EF /* regions.geojson in Resources */ = {isa = PBXBuildFile; fileRef = F9DC21D923E0DB1E0023B8EF /* regions.geojson */; };
		F9DC21E123E1DE0C0023B8EF /* regions.json in Resources */ = {isa = PBXBuildFile; fileRef = F9DC21E023E1DE0C0023B8EF /* regions.json */; };
		F9DC21E323E231840023B8EF /* WikipediaService.swift in Sources */ = {isa = PBXBuildFile; fileRef = F9DC21E223E231840023B8EF /* WikipediaService.swift */; };
		F9DC21E823E231A70023B8EF /* WikiResponse.swift in Sources */ = {isa = PBXBuildFile; fileRef = F9DC21E523E231A70023B8EF /* WikiResponse.swift */; };
		F9DC21E923E231A70023B8EF /* ImageMetadata.swift in Sources */ = {isa = PBXBuildFile; fileRef = F9DC21E623E231A70023B8EF /* ImageMetadata.swift */; };
		F9DC21EB23E231D30023B8EF /* String+HTML.swift in Sources */ = {isa = PBXBuildFile; fileRef = F9DC21EA23E231D30023B8EF /* String+HTML.swift */; };
		F9DC21F123E232650023B8EF /* Localizable.strings in Resources */ = {isa = PBXBuildFile; fileRef = F9DC21F323E232650023B8EF /* Localizable.strings */; };
		F9DC21F823E234530023B8EF /* KingfisherSwiftUI in Frameworks */ = {isa = PBXBuildFile; productRef = F9DC21F723E234530023B8EF /* KingfisherSwiftUI */; };
		F9DC222B23E31DF30023B8EF /* PlaceDetailPhotos.swift in Sources */ = {isa = PBXBuildFile; fileRef = F9DC222A23E31DF30023B8EF /* PlaceDetailPhotos.swift */; };
		F9DC222D23E31FEE0023B8EF /* PlaceDetailsButtons.swift in Sources */ = {isa = PBXBuildFile; fileRef = F9DC222C23E31FEE0023B8EF /* PlaceDetailsButtons.swift */; };
/* End PBXBuildFile section */

/* Begin PBXFileReference section */
		F91DED9D23E6EAE800D8FFD7 /* BottomSheetView.swift */ = {isa = PBXFileReference; lastKnownFileType = sourcecode.swift; path = BottomSheetView.swift; sourceTree = "<group>"; };
		F91DED9F23E6F4DD00D8FFD7 /* PlaceMapDrawer.swift */ = {isa = PBXFileReference; lastKnownFileType = sourcecode.swift; path = PlaceMapDrawer.swift; sourceTree = "<group>"; };
		F91DEDA223E8A26E00D8FFD7 /* TripList.xcdatamodel */ = {isa = PBXFileReference; lastKnownFileType = wrapper.xcdatamodel; path = TripList.xcdatamodel; sourceTree = "<group>"; };
		F91DEDC923E9BAB900D8FFD7 /* Completion.swift */ = {isa = PBXFileReference; lastKnownFileType = sourcecode.swift; path = Completion.swift; sourceTree = "<group>"; };
		F94B48DB2400261C0055956D /* MarchDeNolDeStrasbourg.jpg */ = {isa = PBXFileReference; lastKnownFileType = image.jpeg; path = MarchDeNolDeStrasbourg.jpg; sourceTree = "<group>"; };
		F94B48DC2400261C0055956D /* GorgesdeKakuetta.jpg */ = {isa = PBXFileReference; lastKnownFileType = image.jpeg; path = GorgesdeKakuetta.jpg; sourceTree = "<group>"; };
		F94B48DD2400261C0055956D /* Riquewihr.jpg */ = {isa = PBXFileReference; lastKnownFileType = image.jpeg; path = Riquewihr.jpg; sourceTree = "<group>"; };
		F94B48DE2400261D0055956D /* ParcdeWesserlingcomuseTextile.jpg */ = {isa = PBXFileReference; lastKnownFileType = image.jpeg; path = ParcdeWesserlingcomuseTextile.jpg; sourceTree = "<group>"; };
		F94B48DF2400261D0055956D /* CollongeslaRouge.jpg */ = {isa = PBXFileReference; lastKnownFileType = image.jpeg; path = CollongeslaRouge.jpg; sourceTree = "<group>"; };
		F94B48E02400261D0055956D /* PharedeCordouan.jpg */ = {isa = PBXFileReference; lastKnownFileType = image.jpeg; path = PharedeCordouan.jpg; sourceTree = "<group>"; };
		F94B48E12400261D0055956D /* CapFerret.jpg */ = {isa = PBXFileReference; lastKnownFileType = image.jpeg; path = CapFerret.jpg; sourceTree = "<group>"; };
		F94B48E22400261D0055956D /* SaintHippolyte.jpg */ = {isa = PBXFileReference; lastKnownFileType = image.jpeg; path = SaintHippolyte.jpg; sourceTree = "<group>"; };
		F94B48E32400261D0055956D /* DuneduPilat.jpg */ = {isa = PBXFileReference; lastKnownFileType = image.jpeg; path = DuneduPilat.jpg; sourceTree = "<group>"; };
		F94B48E42400261D0055956D /* SarlatlaCanda.jpg */ = {isa = PBXFileReference; lastKnownFileType = image.jpeg; path = SarlatlaCanda.jpg; sourceTree = "<group>"; };
		F94B48E52400261D0055956D /* Bergheim.jpg */ = {isa = PBXFileReference; lastKnownFileType = image.jpeg; path = Bergheim.jpg; sourceTree = "<group>"; };
		F94B48E62400261D0055956D /* Eguisheim.jpg */ = {isa = PBXFileReference; lastKnownFileType = image.jpeg; path = Eguisheim.jpg; sourceTree = "<group>"; };
		F94B48E72400261D0055956D /* Niedermorschwihr.jpg */ = {isa = PBXFileReference; lastKnownFileType = image.jpeg; path = Niedermorschwihr.jpg; sourceTree = "<group>"; };
		F94B48E82400261D0055956D /* PetiteFrance.jpg */ = {isa = PBXFileReference; lastKnownFileType = image.jpeg; path = PetiteFrance.jpg; sourceTree = "<group>"; };
		F94B48E92400261D0055956D /* CitdelAutomobile.jpg */ = {isa = PBXFileReference; lastKnownFileType = image.jpeg; path = CitdelAutomobile.jpg; sourceTree = "<group>"; };
		F94B48EA2400261D0055956D /* AbbayedeBrantme.jpg */ = {isa = PBXFileReference; lastKnownFileType = image.jpeg; path = AbbayedeBrantme.jpg; sourceTree = "<group>"; };
		F94B48EB2400261D0055956D /* Colmar.jpg */ = {isa = PBXFileReference; lastKnownFileType = image.jpeg; path = Colmar.jpg; sourceTree = "<group>"; };
		F94B48EC2400261E0055956D /* comusedeMarquze.jpg */ = {isa = PBXFileReference; lastKnownFileType = image.jpeg; path = comusedeMarquze.jpg; sourceTree = "<group>"; };
		F94B48ED2400261E0055956D /* BeynacetCazenac.jpg */ = {isa = PBXFileReference; lastKnownFileType = image.jpeg; path = BeynacetCazenac.jpg; sourceTree = "<group>"; };
		F94B48EE2400261E0055956D /* FtesDeBayonne.jpg */ = {isa = PBXFileReference; lastKnownFileType = image.jpeg; path = FtesDeBayonne.jpg; sourceTree = "<group>"; };
		F94B48EF2400261E0055956D /* BibliothqueHumaniste.jpg */ = {isa = PBXFileReference; lastKnownFileType = image.jpeg; path = BibliothqueHumaniste.jpg; sourceTree = "<group>"; };
		F94B48F02400261E0055956D /* CathdraleNotreDamedeStrasbourg.jpg */ = {isa = PBXFileReference; lastKnownFileType = image.jpeg; path = CathdraleNotreDamedeStrasbourg.jpg; sourceTree = "<group>"; };
		F94B48F12400261E0055956D /* Masgot.jpg */ = {isa = PBXFileReference; lastKnownFileType = image.jpeg; path = Masgot.jpg; sourceTree = "<group>"; };
		F94B48F22400261E0055956D /* Curemonte.jpg */ = {isa = PBXFileReference; lastKnownFileType = image.jpeg; path = Curemonte.jpg; sourceTree = "<group>"; };
		F94B48F32400261E0055956D /* Monflanquin.jpg */ = {isa = PBXFileReference; lastKnownFileType = image.jpeg; path = Monflanquin.jpg; sourceTree = "<group>"; };
		F94B48F42400261E0055956D /* Pujols.jpg */ = {isa = PBXFileReference; lastKnownFileType = image.jpeg; path = Pujols.jpg; sourceTree = "<group>"; };
		F94B48F52400261E0055956D /* Urepel.jpg */ = {isa = PBXFileReference; lastKnownFileType = image.jpeg; path = Urepel.jpg; sourceTree = "<group>"; };
		F94B48F62400261E0055956D /* GouffredeProumeyssac.jpg */ = {isa = PBXFileReference; lastKnownFileType = image.jpeg; path = GouffredeProumeyssac.jpg; sourceTree = "<group>"; };
		F94B48F72400261E0055956D /* GrottedeLaVerna.jpg */ = {isa = PBXFileReference; lastKnownFileType = image.jpeg; path = GrottedeLaVerna.jpg; sourceTree = "<group>"; };
		F94B48F82400261E0055956D /* SaintJeanPieddePort.jpg */ = {isa = PBXFileReference; lastKnownFileType = image.jpeg; path = SaintJeanPieddePort.jpg; sourceTree = "<group>"; };
		F94B48F92400261F0055956D /* Vesunnamusegalloromain.jpg */ = {isa = PBXFileReference; lastKnownFileType = image.jpeg; path = Vesunnamusegalloromain.jpg; sourceTree = "<group>"; };
		F94B48FA2400261F0055956D /* Monpazier.jpg */ = {isa = PBXFileReference; lastKnownFileType = image.jpeg; path = Monpazier.jpg; sourceTree = "<group>"; };
		F94B48FB2400261F0055956D /* LesJardinsdeMarqueyssac.jpg */ = {isa = PBXFileReference; lastKnownFileType = image.jpeg; path = LesJardinsdeMarqueyssac.jpg; sourceTree = "<group>"; };
		F94B48FC2400261F0055956D /* Kaysersberg.jpg */ = {isa = PBXFileReference; lastKnownFileType = image.jpeg; path = Kaysersberg.jpg; sourceTree = "<group>"; };
		F94B48FD2400261F0055956D /* ParcNaturelRgionaldeMillevachesenLimousin.jpg */ = {isa = PBXFileReference; lastKnownFileType = image.jpeg; path = ParcNaturelRgionaldeMillevachesenLimousin.jpg; sourceTree = "<group>"; };
		F94B48FE2400261F0055956D /* SaintJeandeLuz.jpg */ = {isa = PBXFileReference; lastKnownFileType = image.jpeg; path = SaintJeandeLuz.jpg; sourceTree = "<group>"; };
		F94B48FF2400261F0055956D /* MassifduTaennchel.jpg */ = {isa = PBXFileReference; lastKnownFileType = image.jpeg; path = MassifduTaennchel.jpg; sourceTree = "<group>"; };
		F94B49002400261F0055956D /* Mittelbergheim.jpg */ = {isa = PBXFileReference; lastKnownFileType = image.jpeg; path = Mittelbergheim.jpg; sourceTree = "<group>"; };
		F94B49012400261F0055956D /* MuseUnterlinden.jpg */ = {isa = PBXFileReference; lastKnownFileType = image.jpeg; path = MuseUnterlinden.jpg; sourceTree = "<group>"; };
		F94B49022400261F0055956D /* Hunawihr.jpg */ = {isa = PBXFileReference; lastKnownFileType = image.jpeg; path = Hunawihr.jpg; sourceTree = "<group>"; };
		F94B49032400261F0055956D /* ChteaudeVillemonteix.jpg */ = {isa = PBXFileReference; lastKnownFileType = image.jpeg; path = ChteaudeVillemonteix.jpg; sourceTree = "<group>"; };
		F94B4904240026200055956D /* OradoursurGlane.jpg */ = {isa = PBXFileReference; lastKnownFileType = image.jpeg; path = OradoursurGlane.jpg; sourceTree = "<group>"; };
		F94B4905240026200055956D /* Uzerche.jpg */ = {isa = PBXFileReference; lastKnownFileType = image.jpeg; path = Uzerche.jpg; sourceTree = "<group>"; };
		F94B4906240026200055956D /* Eyrignacetsesjardins.jpg */ = {isa = PBXFileReference; lastKnownFileType = image.jpeg; path = Eyrignacetsesjardins.jpg; sourceTree = "<group>"; };
		F94B4907240026200055956D /* Museduclotre.jpg */ = {isa = PBXFileReference; lastKnownFileType = image.jpeg; path = Museduclotre.jpg; sourceTree = "<group>"; };
		F94B4908240026200055956D /* LigneMaginotFortSchoenenbourg.jpg */ = {isa = PBXFileReference; lastKnownFileType = image.jpeg; path = LigneMaginotFortSchoenenbourg.jpg; sourceTree = "<group>"; };
		F94B4909240026200055956D /* LesToursdeMerle.jpg */ = {isa = PBXFileReference; lastKnownFileType = image.jpeg; path = LesToursdeMerle.jpg; sourceTree = "<group>"; };
		F94B490A240026200055956D /* Biarritz.jpg */ = {isa = PBXFileReference; lastKnownFileType = image.jpeg; path = Biarritz.jpg; sourceTree = "<group>"; };
		F94B490B240026200055956D /* ChteaudeBiron.jpg */ = {isa = PBXFileReference; lastKnownFileType = image.jpeg; path = ChteaudeBiron.jpg; sourceTree = "<group>"; };
		F94B490C240026200055956D /* LaRoqueGageac.jpg */ = {isa = PBXFileReference; lastKnownFileType = image.jpeg; path = LaRoqueGageac.jpg; sourceTree = "<group>"; };
		F94B490D240026200055956D /* Bordeaux.jpg */ = {isa = PBXFileReference; lastKnownFileType = image.jpeg; path = Bordeaux.jpg; sourceTree = "<group>"; };
		F94B490E240026200055956D /* ChteaudeChlucet.jpg */ = {isa = PBXFileReference; lastKnownFileType = image.jpeg; path = ChteaudeChlucet.jpg; sourceTree = "<group>"; };
		F94B490F240026200055956D /* CtedArgent.jpg */ = {isa = PBXFileReference; lastKnownFileType = image.jpeg; path = CtedArgent.jpg; sourceTree = "<group>"; };
		F94B4910240026200055956D /* LaCollgialeSaintThibaut.jpg */ = {isa = PBXFileReference; lastKnownFileType = image.jpeg; path = LaCollgialeSaintThibaut.jpg; sourceTree = "<group>"; };
		F94B4911240026210055956D /* CastelmorondAlbret.jpg */ = {isa = PBXFileReference; lastKnownFileType = image.jpeg; path = CastelmorondAlbret.jpg; sourceTree = "<group>"; };
		F94B4912240026210055956D /* LabastidedArmagnac.jpg */ = {isa = PBXFileReference; lastKnownFileType = image.jpeg; path = LabastidedArmagnac.jpg; sourceTree = "<group>"; };
		F94B4913240026210055956D /* LacdeSaintPardoux.jpg */ = {isa = PBXFileReference; lastKnownFileType = image.jpeg; path = LacdeSaintPardoux.jpg; sourceTree = "<group>"; };
		F94B4914240026210055956D /* Saintmilion.jpg */ = {isa = PBXFileReference; lastKnownFileType = image.jpeg; path = Saintmilion.jpg; sourceTree = "<group>"; };
		F94B4915240026210055956D /* LaRhune.jpg */ = {isa = PBXFileReference; lastKnownFileType = image.jpeg; path = LaRhune.jpg; sourceTree = "<group>"; };
		F94B4916240026210055956D /* RoutedesVins.jpg */ = {isa = PBXFileReference; lastKnownFileType = image.jpeg; path = RoutedesVins.jpg; sourceTree = "<group>"; };
		F94B4917240026210055956D /* RuinesdelaForteressedeCrozant.jpg */ = {isa = PBXFileReference; lastKnownFileType = image.jpeg; path = RuinesdelaForteressedeCrozant.jpg; sourceTree = "<group>"; };
		F94B4918240026210055956D /* BassindArcachon.jpg */ = {isa = PBXFileReference; lastKnownFileType = image.jpeg; path = BassindArcachon.jpg; sourceTree = "<group>"; };
		F94B4919240026210055956D /* Bayonne.jpg */ = {isa = PBXFileReference; lastKnownFileType = image.jpeg; path = Bayonne.jpg; sourceTree = "<group>"; };
		F94B491A240026220055956D /* LesMenetriers.jpg */ = {isa = PBXFileReference; lastKnownFileType = image.jpeg; path = LesMenetriers.jpg; sourceTree = "<group>"; };
		F94B491B240026220055956D /* Cadillac.jpg */ = {isa = PBXFileReference; lastKnownFileType = image.jpeg; path = Cadillac.jpg; sourceTree = "<group>"; };
		F94B491C240026220055956D /* ChteaudeLichtenberg.jpg */ = {isa = PBXFileReference; lastKnownFileType = image.jpeg; path = ChteaudeLichtenberg.jpg; sourceTree = "<group>"; };
		F94B491D240026220055956D /* SitedeSaintNazaire.jpg */ = {isa = PBXFileReference; lastKnownFileType = image.jpeg; path = SitedeSaintNazaire.jpg; sourceTree = "<group>"; };
		F94B4961240026300055956D /* Places.csv */ = {isa = PBXFileReference; fileEncoding = 4; lastKnownFileType = text; path = Places.csv; sourceTree = "<group>"; };
		F951F36823EAD70D00C89636 /* article3.jpg */ = {isa = PBXFileReference; lastKnownFileType = image.jpeg; path = article3.jpg; sourceTree = "<group>"; };
		F951F36923EAD70D00C89636 /* article1.jpg */ = {isa = PBXFileReference; lastKnownFileType = image.jpeg; path = article1.jpg; sourceTree = "<group>"; };
		F951F36A23EAD70D00C89636 /* article2.jpg */ = {isa = PBXFileReference; lastKnownFileType = image.jpeg; path = article2.jpg; sourceTree = "<group>"; };
		F95DE55623DE2F0E00BE1BD5 /* France Heritage.app */ = {isa = PBXFileReference; explicitFileType = wrapper.application; includeInIndex = 0; path = "France Heritage.app"; sourceTree = BUILT_PRODUCTS_DIR; };
		F95DE55923DE2F0F00BE1BD5 /* AppDelegate.swift */ = {isa = PBXFileReference; lastKnownFileType = sourcecode.swift; path = AppDelegate.swift; sourceTree = "<group>"; };
		F95DE55B23DE2F0F00BE1BD5 /* SceneDelegate.swift */ = {isa = PBXFileReference; lastKnownFileType = sourcecode.swift; path = SceneDelegate.swift; sourceTree = "<group>"; };
		F95DE55D23DE2F0F00BE1BD5 /* ContentView.swift */ = {isa = PBXFileReference; lastKnownFileType = sourcecode.swift; path = ContentView.swift; sourceTree = "<group>"; };
		F95DE55F23DE2F0F00BE1BD5 /* Assets.xcassets */ = {isa = PBXFileReference; lastKnownFileType = folder.assetcatalog; path = Assets.xcassets; sourceTree = "<group>"; };
		F95DE56223DE2F0F00BE1BD5 /* Preview Assets.xcassets */ = {isa = PBXFileReference; lastKnownFileType = folder.assetcatalog; path = "Preview Assets.xcassets"; sourceTree = "<group>"; };
		F95DE56523DE2F0F00BE1BD5 /* Base */ = {isa = PBXFileReference; lastKnownFileType = file.storyboard; name = Base; path = Base.lproj/LaunchScreen.storyboard; sourceTree = "<group>"; };
		F95DE56723DE2F0F00BE1BD5 /* Info.plist */ = {isa = PBXFileReference; lastKnownFileType = text.plist.xml; path = Info.plist; sourceTree = "<group>"; };
		F95DE57423DE347F00BE1BD5 /* Session.swift */ = {isa = PBXFileReference; fileEncoding = 4; lastKnownFileType = sourcecode.swift; path = Session.swift; sourceTree = "<group>"; };
		F95DE57523DE348000BE1BD5 /* Dataloader.swift */ = {isa = PBXFileReference; fileEncoding = 4; lastKnownFileType = sourcecode.swift; path = Dataloader.swift; sourceTree = "<group>"; };
		F95DE57823DE349500BE1BD5 /* MapView.swift */ = {isa = PBXFileReference; fileEncoding = 4; lastKnownFileType = sourcecode.swift; path = MapView.swift; sourceTree = "<group>"; };
		F95DE57A23DE349500BE1BD5 /* AutoFocusTextField.swift */ = {isa = PBXFileReference; fileEncoding = 4; lastKnownFileType = sourcecode.swift; path = AutoFocusTextField.swift; sourceTree = "<group>"; };
		F95DE57C23DE349500BE1BD5 /* PlaceDetail.swift */ = {isa = PBXFileReference; fileEncoding = 4; lastKnownFileType = sourcecode.swift; path = PlaceDetail.swift; sourceTree = "<group>"; };
		F95DE57D23DE349600BE1BD5 /* Store.swift */ = {isa = PBXFileReference; fileEncoding = 4; lastKnownFileType = sourcecode.swift; path = Store.swift; sourceTree = "<group>"; };
		F95DE57F23DE349600BE1BD5 /* AssociatesRow.swift */ = {isa = PBXFileReference; fileEncoding = 4; lastKnownFileType = sourcecode.swift; path = AssociatesRow.swift; sourceTree = "<group>"; };
		F95DE58223DE349600BE1BD5 /* StoreCategoriesRow.swift */ = {isa = PBXFileReference; fileEncoding = 4; lastKnownFileType = sourcecode.swift; path = StoreCategoriesRow.swift; sourceTree = "<group>"; };
		F95DE58323DE349600BE1BD5 /* ImageCarouselView.swift */ = {isa = PBXFileReference; fileEncoding = 4; lastKnownFileType = sourcecode.swift; path = ImageCarouselView.swift; sourceTree = "<group>"; };
		F95DE58423DE349600BE1BD5 /* DreamListRow.swift */ = {isa = PBXFileReference; fileEncoding = 4; lastKnownFileType = sourcecode.swift; path = DreamListRow.swift; sourceTree = "<group>"; };
		F95DE58523DE349600BE1BD5 /* PlacesList.swift */ = {isa = PBXFileReference; fileEncoding = 4; lastKnownFileType = sourcecode.swift; path = PlacesList.swift; sourceTree = "<group>"; };
		F95DE58623DE349600BE1BD5 /* Progression.swift */ = {isa = PBXFileReference; fileEncoding = 4; lastKnownFileType = sourcecode.swift; path = Progression.swift; sourceTree = "<group>"; };
		F95DE58723DE349600BE1BD5 /* PlacePager.swift */ = {isa = PBXFileReference; fileEncoding = 4; lastKnownFileType = sourcecode.swift; path = PlacePager.swift; sourceTree = "<group>"; };
		F95DE58823DE349600BE1BD5 /* TextView.swift */ = {isa = PBXFileReference; fileEncoding = 4; lastKnownFileType = sourcecode.swift; path = TextView.swift; sourceTree = "<group>"; };
		F95DE58A23DE349600BE1BD5 /* DreamList.swift */ = {isa = PBXFileReference; fileEncoding = 4; lastKnownFileType = sourcecode.swift; path = DreamList.swift; sourceTree = "<group>"; };
		F95DE58B23DE349700BE1BD5 /* PageView.swift */ = {isa = PBXFileReference; fileEncoding = 4; lastKnownFileType = sourcecode.swift; path = PageView.swift; sourceTree = "<group>"; };
		F95DE5A123DE34A800BE1BD5 /* Place.swift */ = {isa = PBXFileReference; fileEncoding = 4; lastKnownFileType = sourcecode.swift; path = Place.swift; sourceTree = "<group>"; };
		F95DE5A223DE34A800BE1BD5 /* PlaceStore.swift */ = {isa = PBXFileReference; fileEncoding = 4; lastKnownFileType = sourcecode.swift; path = PlaceStore.swift; sourceTree = "<group>"; };
		F95DE5B823DE416D00BE1BD5 /* Dream.swift */ = {isa = PBXFileReference; fileEncoding = 4; lastKnownFileType = sourcecode.swift; path = Dream.swift; sourceTree = "<group>"; };
		F95DE5BA23DE422F00BE1BD5 /* DreamDetail.swift */ = {isa = PBXFileReference; fileEncoding = 4; lastKnownFileType = sourcecode.swift; path = DreamDetail.swift; sourceTree = "<group>"; };
		F95DE5BC23DE4A2900BE1BD5 /* PlacesMap.swift */ = {isa = PBXFileReference; lastKnownFileType = sourcecode.swift; path = PlacesMap.swift; sourceTree = "<group>"; };
		F96D610F23EB607900CD296A /* LazyView.swift */ = {isa = PBXFileReference; lastKnownFileType = sourcecode.swift; path = LazyView.swift; sourceTree = "<group>"; };
		F9815CDB23EAD33100EEF9CA /* articles.json */ = {isa = PBXFileReference; lastKnownFileType = text.json; path = articles.json; sourceTree = "<group>"; };
		F9815CDD23EAD36B00EEF9CA /* Article.swift */ = {isa = PBXFileReference; lastKnownFileType = sourcecode.swift; path = Article.swift; sourceTree = "<group>"; };
		F9815CDF23EAD50500EEF9CA /* StoreArticlesRow.swift */ = {isa = PBXFileReference; lastKnownFileType = sourcecode.swift; path = StoreArticlesRow.swift; sourceTree = "<group>"; };
		F9815CE123EAD53900EEF9CA /* StoreArticle.swift */ = {isa = PBXFileReference; lastKnownFileType = sourcecode.swift; path = StoreArticle.swift; sourceTree = "<group>"; };
		F99E73A223ED9CD4006BC089 /* Reminders.swift */ = {isa = PBXFileReference; lastKnownFileType = sourcecode.swift; path = Reminders.swift; sourceTree = "<group>"; };
		F99E73A623EDAD54006BC089 /* ActivityViewController.swift */ = {isa = PBXFileReference; lastKnownFileType = sourcecode.swift; path = ActivityViewController.swift; sourceTree = "<group>"; };
		F99E73A823EF0D69006BC089 /* ProgressionRegion.swift */ = {isa = PBXFileReference; lastKnownFileType = sourcecode.swift; path = ProgressionRegion.swift; sourceTree = "<group>"; };
		F99E73AA23F34DE2006BC089 /* LocationManager.swift */ = {isa = PBXFileReference; lastKnownFileType = sourcecode.swift; path = LocationManager.swift; sourceTree = "<group>"; };
		F99E73AC23F3611E006BC089 /* NearestPlaces.swift */ = {isa = PBXFileReference; lastKnownFileType = sourcecode.swift; path = NearestPlaces.swift; sourceTree = "<group>"; };
		F9C9C68523E4B248002C1DA0 /* PlaceAnnotation.swift */ = {isa = PBXFileReference; lastKnownFileType = sourcecode.swift; path = PlaceAnnotation.swift; sourceTree = "<group>"; };
		F9C9C68723E4D093002C1DA0 /* AppStyle.swift */ = {isa = PBXFileReference; lastKnownFileType = sourcecode.swift; path = AppStyle.swift; sourceTree = "<group>"; };
		F9C9C68923E4D287002C1DA0 /* UIColor+hexString.swift */ = {isa = PBXFileReference; lastKnownFileType = sourcecode.swift; path = "UIColor+hexString.swift"; sourceTree = "<group>"; };
		F9DC21D323E0CEC20023B8EF /* RegionsMap.swift */ = {isa = PBXFileReference; lastKnownFileType = sourcecode.swift; path = RegionsMap.swift; sourceTree = "<group>"; };
		F9DC21D923E0DB1E0023B8EF /* regions.geojson */ = {isa = PBXFileReference; fileEncoding = 4; lastKnownFileType = text; path = regions.geojson; sourceTree = "<group>"; };
		F9DC21E023E1DE0C0023B8EF /* regions.json */ = {isa = PBXFileReference; lastKnownFileType = text.json; path = regions.json; sourceTree = "<group>"; };
		F9DC21E223E231840023B8EF /* WikipediaService.swift */ = {isa = PBXFileReference; fileEncoding = 4; lastKnownFileType = sourcecode.swift; path = WikipediaService.swift; sourceTree = "<group>"; };
		F9DC21E523E231A70023B8EF /* WikiResponse.swift */ = {isa = PBXFileReference; fileEncoding = 4; lastKnownFileType = sourcecode.swift; path = WikiResponse.swift; sourceTree = "<group>"; };
		F9DC21E623E231A70023B8EF /* ImageMetadata.swift */ = {isa = PBXFileReference; fileEncoding = 4; lastKnownFileType = sourcecode.swift; path = ImageMetadata.swift; sourceTree = "<group>"; };
		F9DC21EA23E231D30023B8EF /* String+HTML.swift */ = {isa = PBXFileReference; fileEncoding = 4; lastKnownFileType = sourcecode.swift; path = "String+HTML.swift"; sourceTree = "<group>"; };
		F9DC21F223E232650023B8EF /* en */ = {isa = PBXFileReference; lastKnownFileType = text.plist.strings; name = en; path = en.lproj/Localizable.strings; sourceTree = "<group>"; };
		F9DC21F423E232810023B8EF /* fr */ = {isa = PBXFileReference; lastKnownFileType = text.plist.strings; name = fr; path = fr.lproj/LaunchScreen.strings; sourceTree = "<group>"; };
		F9DC21F523E232820023B8EF /* fr */ = {isa = PBXFileReference; lastKnownFileType = text.plist.strings; name = fr; path = fr.lproj/Localizable.strings; sourceTree = "<group>"; };
		F9DC222A23E31DF30023B8EF /* PlaceDetailPhotos.swift */ = {isa = PBXFileReference; lastKnownFileType = sourcecode.swift; path = PlaceDetailPhotos.swift; sourceTree = "<group>"; };
		F9DC222C23E31FEE0023B8EF /* PlaceDetailsButtons.swift */ = {isa = PBXFileReference; lastKnownFileType = sourcecode.swift; path = PlaceDetailsButtons.swift; sourceTree = "<group>"; };
/* End PBXFileReference section */

/* Begin PBXFrameworksBuildPhase section */
		F95DE55323DE2F0E00BE1BD5 /* Frameworks */ = {
			isa = PBXFrameworksBuildPhase;
			buildActionMask = 2147483647;
			files = (
				F9DC21F823E234530023B8EF /* KingfisherSwiftUI in Frameworks */,
				F9C9C68423E498D2002C1DA0 /* ASCollectionView in Frameworks */,
				F95DE5B723DE3BE500BE1BD5 /* QGrid in Frameworks */,
			);
			runOnlyForDeploymentPostprocessing = 0;
		};
/* End PBXFrameworksBuildPhase section */

/* Begin PBXGroup section */
		F94B48DA2400260C0055956D /* photos */ = {
			isa = PBXGroup;
			children = (
				F94B48EA2400261D0055956D /* AbbayedeBrantme.jpg */,
				F94B4918240026210055956D /* BassindArcachon.jpg */,
				F94B4919240026210055956D /* Bayonne.jpg */,
				F94B48E52400261D0055956D /* Bergheim.jpg */,
				F94B48ED2400261E0055956D /* BeynacetCazenac.jpg */,
				F94B490A240026200055956D /* Biarritz.jpg */,
				F94B48EF2400261E0055956D /* BibliothqueHumaniste.jpg */,
				F94B490D240026200055956D /* Bordeaux.jpg */,
				F94B491B240026220055956D /* Cadillac.jpg */,
				F94B48E12400261D0055956D /* CapFerret.jpg */,
				F94B4911240026210055956D /* CastelmorondAlbret.jpg */,
				F94B48F02400261E0055956D /* CathdraleNotreDamedeStrasbourg.jpg */,
				F94B490B240026200055956D /* ChteaudeBiron.jpg */,
				F94B490E240026200055956D /* ChteaudeChlucet.jpg */,
				F94B491C240026220055956D /* ChteaudeLichtenberg.jpg */,
				F94B49032400261F0055956D /* ChteaudeVillemonteix.jpg */,
				F94B48E92400261D0055956D /* CitdelAutomobile.jpg */,
				F94B48DF2400261D0055956D /* CollongeslaRouge.jpg */,
				F94B48EB2400261D0055956D /* Colmar.jpg */,
				F94B48EC2400261E0055956D /* comusedeMarquze.jpg */,
				F94B490F240026200055956D /* CtedArgent.jpg */,
				F94B48F22400261E0055956D /* Curemonte.jpg */,
				F94B48E32400261D0055956D /* DuneduPilat.jpg */,
				F94B48E62400261D0055956D /* Eguisheim.jpg */,
				F94B4906240026200055956D /* Eyrignacetsesjardins.jpg */,
				F94B48EE2400261E0055956D /* FtesDeBayonne.jpg */,
				F94B48DC2400261C0055956D /* GorgesdeKakuetta.jpg */,
				F94B48F62400261E0055956D /* GouffredeProumeyssac.jpg */,
				F94B48F72400261E0055956D /* GrottedeLaVerna.jpg */,
				F94B49022400261F0055956D /* Hunawihr.jpg */,
				F94B48FC2400261F0055956D /* Kaysersberg.jpg */,
				F94B4912240026210055956D /* LabastidedArmagnac.jpg */,
				F94B4913240026210055956D /* LacdeSaintPardoux.jpg */,
				F94B4910240026200055956D /* LaCollgialeSaintThibaut.jpg */,
				F94B4915240026210055956D /* LaRhune.jpg */,
				F94B490C240026200055956D /* LaRoqueGageac.jpg */,
				F94B48FB2400261F0055956D /* LesJardinsdeMarqueyssac.jpg */,
				F94B491A240026220055956D /* LesMenetriers.jpg */,
				F94B4909240026200055956D /* LesToursdeMerle.jpg */,
				F94B4908240026200055956D /* LigneMaginotFortSchoenenbourg.jpg */,
				F94B48DB2400261C0055956D /* MarchDeNolDeStrasbourg.jpg */,
				F94B48F12400261E0055956D /* Masgot.jpg */,
				F94B48FF2400261F0055956D /* MassifduTaennchel.jpg */,
				F94B49002400261F0055956D /* Mittelbergheim.jpg */,
				F94B48F32400261E0055956D /* Monflanquin.jpg */,
				F94B48FA2400261F0055956D /* Monpazier.jpg */,
				F94B4907240026200055956D /* Museduclotre.jpg */,
				F94B49012400261F0055956D /* MuseUnterlinden.jpg */,
				F94B48E72400261D0055956D /* Niedermorschwihr.jpg */,
				F94B4904240026200055956D /* OradoursurGlane.jpg */,
				F94B48DE2400261D0055956D /* ParcdeWesserlingcomuseTextile.jpg */,
				F94B48FD2400261F0055956D /* ParcNaturelRgionaldeMillevachesenLimousin.jpg */,
				F94B48E82400261D0055956D /* PetiteFrance.jpg */,
				F94B48E02400261D0055956D /* PharedeCordouan.jpg */,
				F94B48F42400261E0055956D /* Pujols.jpg */,
				F94B48DD2400261C0055956D /* Riquewihr.jpg */,
				F94B4916240026210055956D /* RoutedesVins.jpg */,
				F94B4917240026210055956D /* RuinesdelaForteressedeCrozant.jpg */,
				F94B48E22400261D0055956D /* SaintHippolyte.jpg */,
				F94B48FE2400261F0055956D /* SaintJeandeLuz.jpg */,
				F94B48F82400261E0055956D /* SaintJeanPieddePort.jpg */,
				F94B4914240026210055956D /* Saintmilion.jpg */,
				F94B48E42400261D0055956D /* SarlatlaCanda.jpg */,
				F94B491D240026220055956D /* SitedeSaintNazaire.jpg */,
				F94B48F52400261E0055956D /* Urepel.jpg */,
				F94B4905240026200055956D /* Uzerche.jpg */,
				F94B48F92400261F0055956D /* Vesunnamusegalloromain.jpg */,
			);
			path = photos;
			sourceTree = "<group>";
		};
		F951F36723EAD6FE00C89636 /* articles */ = {
			isa = PBXGroup;
			children = (
				F951F36923EAD70D00C89636 /* article1.jpg */,
				F951F36A23EAD70D00C89636 /* article2.jpg */,
				F951F36823EAD70D00C89636 /* article3.jpg */,
			);
			path = articles;
			sourceTree = "<group>";
		};
		F95DE54D23DE2F0E00BE1BD5 = {
			isa = PBXGroup;
			children = (
				F95DE55823DE2F0F00BE1BD5 /* TripList */,
				F95DE55723DE2F0E00BE1BD5 /* Products */,
			);
			sourceTree = "<group>";
		};
		F95DE55723DE2F0E00BE1BD5 /* Products */ = {
			isa = PBXGroup;
			children = (
				F95DE55623DE2F0E00BE1BD5 /* France Heritage.app */,
			);
			name = Products;
			sourceTree = "<group>";
		};
		F95DE55823DE2F0F00BE1BD5 /* TripList */ = {
			isa = PBXGroup;
			children = (
				F95DE55923DE2F0F00BE1BD5 /* AppDelegate.swift */,
				F95DE55B23DE2F0F00BE1BD5 /* SceneDelegate.swift */,
				F95DE55D23DE2F0F00BE1BD5 /* ContentView.swift */,
				F95DE57023DE2F6100BE1BD5 /* assets */,
				F95DE56F23DE2F3B00BE1BD5 /* utils */,
				F95DE56E23DE2F3300BE1BD5 /* views */,
				F95DE56D23DE2F1F00BE1BD5 /* models */,
				F95DE55F23DE2F0F00BE1BD5 /* Assets.xcassets */,
				F95DE56423DE2F0F00BE1BD5 /* LaunchScreen.storyboard */,
				F9DC21F323E232650023B8EF /* Localizable.strings */,
				F95DE56723DE2F0F00BE1BD5 /* Info.plist */,
				F91DEDA123E8A26D00D8FFD7 /* TripList.xcdatamodeld */,
				F95DE56123DE2F0F00BE1BD5 /* Preview Content */,
			);
			path = TripList;
			sourceTree = "<group>";
		};
		F95DE56123DE2F0F00BE1BD5 /* Preview Content */ = {
			isa = PBXGroup;
			children = (
				F95DE56223DE2F0F00BE1BD5 /* Preview Assets.xcassets */,
			);
			path = "Preview Content";
			sourceTree = "<group>";
		};
		F95DE56D23DE2F1F00BE1BD5 /* models */ = {
			isa = PBXGroup;
			children = (
				F95DE5B823DE416D00BE1BD5 /* Dream.swift */,
				F91DEDC923E9BAB900D8FFD7 /* Completion.swift */,
				F95DE5A123DE34A800BE1BD5 /* Place.swift */,
				F9815CDD23EAD36B00EEF9CA /* Article.swift */,
				F9C9C68523E4B248002C1DA0 /* PlaceAnnotation.swift */,
				F95DE5A223DE34A800BE1BD5 /* PlaceStore.swift */,
			);
			path = models;
			sourceTree = "<group>";
		};
		F95DE56E23DE2F3300BE1BD5 /* views */ = {
			isa = PBXGroup;
			children = (
				F95DE58A23DE349600BE1BD5 /* DreamList.swift */,
				F95DE58423DE349600BE1BD5 /* DreamListRow.swift */,
				F95DE5BA23DE422F00BE1BD5 /* DreamDetail.swift */,
				F95DE5BC23DE4A2900BE1BD5 /* PlacesMap.swift */,
				F95DE58523DE349600BE1BD5 /* PlacesList.swift */,
				F95DE58723DE349600BE1BD5 /* PlacePager.swift */,
				F95DE57C23DE349500BE1BD5 /* PlaceDetail.swift */,
				F9DC222C23E31FEE0023B8EF /* PlaceDetailsButtons.swift */,
				F9DC222A23E31DF30023B8EF /* PlaceDetailPhotos.swift */,
				F91DED9F23E6F4DD00D8FFD7 /* PlaceMapDrawer.swift */,
				F95DE57F23DE349600BE1BD5 /* AssociatesRow.swift */,
				F95DE58623DE349600BE1BD5 /* Progression.swift */,
				F99E73A823EF0D69006BC089 /* ProgressionRegion.swift */,
				F95DE57D23DE349600BE1BD5 /* Store.swift */,
				F99E73AC23F3611E006BC089 /* NearestPlaces.swift */,
				F95DE58223DE349600BE1BD5 /* StoreCategoriesRow.swift */,
				F9815CDF23EAD50500EEF9CA /* StoreArticlesRow.swift */,
				F9815CE123EAD53900EEF9CA /* StoreArticle.swift */,
				F95DE5B423DE39D000BE1BD5 /* components */,
			);
			path = views;
			sourceTree = "<group>";
		};
		F95DE56F23DE2F3B00BE1BD5 /* utils */ = {
			isa = PBXGroup;
			children = (
				F95DE57523DE348000BE1BD5 /* Dataloader.swift */,
				F99E73AA23F34DE2006BC089 /* LocationManager.swift */,
				F95DE57423DE347F00BE1BD5 /* Session.swift */,
				F9C9C68723E4D093002C1DA0 /* AppStyle.swift */,
				F9C9C68923E4D287002C1DA0 /* UIColor+hexString.swift */,
				F99E73A223ED9CD4006BC089 /* Reminders.swift */,
				F9DC21EC23E231D70023B8EF /* wikipedia */,
			);
			path = utils;
			sourceTree = "<group>";
		};
		F95DE57023DE2F6100BE1BD5 /* assets */ = {
			isa = PBXGroup;
			children = (
				F9DC21D923E0DB1E0023B8EF /* regions.geojson */,
				F95DE57123DE2F6D00BE1BD5 /* places */,
				F9DC21E023E1DE0C0023B8EF /* regions.json */,
				F9815CDB23EAD33100EEF9CA /* articles.json */,
				F951F36723EAD6FE00C89636 /* articles */,
			);
			path = assets;
			sourceTree = "<group>";
		};
		F95DE57123DE2F6D00BE1BD5 /* places */ = {
			isa = PBXGroup;
			children = (
				F94B4961240026300055956D /* Places.csv */,
				F94B48DA2400260C0055956D /* photos */,
			);
			path = places;
			sourceTree = "<group>";
		};
		F95DE5B423DE39D000BE1BD5 /* components */ = {
			isa = PBXGroup;
			children = (
				F95DE57823DE349500BE1BD5 /* MapView.swift */,
				F91DED9D23E6EAE800D8FFD7 /* BottomSheetView.swift */,
				F9DC21D323E0CEC20023B8EF /* RegionsMap.swift */,
				F95DE57A23DE349500BE1BD5 /* AutoFocusTextField.swift */,
				F95DE58323DE349600BE1BD5 /* ImageCarouselView.swift */,
				F95DE58B23DE349700BE1BD5 /* PageView.swift */,
				F95DE58823DE349600BE1BD5 /* TextView.swift */,
				F96D610F23EB607900CD296A /* LazyView.swift */,
				F99E73A623EDAD54006BC089 /* ActivityViewController.swift */,
			);
			path = components;
			sourceTree = "<group>";
		};
		F9DC21EC23E231D70023B8EF /* wikipedia */ = {
			isa = PBXGroup;
			children = (
				F9DC21E623E231A70023B8EF /* ImageMetadata.swift */,
				F9DC21E223E231840023B8EF /* WikipediaService.swift */,
				F9DC21E523E231A70023B8EF /* WikiResponse.swift */,
				F9DC21EA23E231D30023B8EF /* String+HTML.swift */,
			);
			path = wikipedia;
			sourceTree = "<group>";
		};
/* End PBXGroup section */

/* Begin PBXNativeTarget section */
		F95DE55523DE2F0E00BE1BD5 /* TripList */ = {
			isa = PBXNativeTarget;
			buildConfigurationList = F95DE56A23DE2F0F00BE1BD5 /* Build configuration list for PBXNativeTarget "TripList" */;
			buildPhases = (
				F95DE55223DE2F0E00BE1BD5 /* Sources */,
				F95DE55323DE2F0E00BE1BD5 /* Frameworks */,
				F95DE55423DE2F0E00BE1BD5 /* Resources */,
			);
			buildRules = (
			);
			dependencies = (
			);
			name = TripList;
			packageProductDependencies = (
				F95DE5B623DE3BE500BE1BD5 /* QGrid */,
				F9DC21F723E234530023B8EF /* KingfisherSwiftUI */,
				F9C9C68323E498D2002C1DA0 /* ASCollectionView */,
			);
			productName = TripList;
			productReference = F95DE55623DE2F0E00BE1BD5 /* France Heritage.app */;
			productType = "com.apple.product-type.application";
		};
/* End PBXNativeTarget section */

/* Begin PBXProject section */
		F95DE54E23DE2F0E00BE1BD5 /* Project object */ = {
			isa = PBXProject;
			attributes = {
				LastSwiftUpdateCheck = 1130;
				LastUpgradeCheck = 1130;
				ORGANIZATIONNAME = "Julien Vanheule";
				TargetAttributes = {
					F95DE55523DE2F0E00BE1BD5 = {
						CreatedOnToolsVersion = 11.3.1;
					};
				};
			};
			buildConfigurationList = F95DE55123DE2F0E00BE1BD5 /* Build configuration list for PBXProject "TripList" */;
			compatibilityVersion = "Xcode 9.3";
			developmentRegion = en;
			hasScannedForEncodings = 0;
			knownRegions = (
				en,
				Base,
				fr,
			);
			mainGroup = F95DE54D23DE2F0E00BE1BD5;
			packageReferences = (
				F95DE5B523DE3BE500BE1BD5 /* XCRemoteSwiftPackageReference "QGrid" */,
				F9DC21F623E234530023B8EF /* XCRemoteSwiftPackageReference "Kingfisher" */,
				F9C9C68223E498D2002C1DA0 /* XCRemoteSwiftPackageReference "ASCollectionView" */,
			);
			productRefGroup = F95DE55723DE2F0E00BE1BD5 /* Products */;
			projectDirPath = "";
			projectRoot = "";
			targets = (
				F95DE55523DE2F0E00BE1BD5 /* TripList */,
			);
		};
/* End PBXProject section */

/* Begin PBXResourcesBuildPhase section */
		F95DE55423DE2F0E00BE1BD5 /* Resources */ = {
			isa = PBXResourcesBuildPhase;
			buildActionMask = 2147483647;
			files = (
				F94B4940240026220055956D /* ParcNaturelRgionaldeMillevachesenLimousin.jpg in Resources */,
				F94B4933240026220055956D /* CathdraleNotreDamedeStrasbourg.jpg in Resources */,
				F94B4942240026220055956D /* MassifduTaennchel.jpg in Resources */,
				F94B492B240026220055956D /* PetiteFrance.jpg in Resources */,
				F94B4960240026220055956D /* SitedeSaintNazaire.jpg in Resources */,
				F94B492A240026220055956D /* Niedermorschwihr.jpg in Resources */,
				F95DE56623DE2F0F00BE1BD5 /* LaunchScreen.storyboard in Resources */,
				F94B492E240026220055956D /* Colmar.jpg in Resources */,
				F94B494C240026220055956D /* LesToursdeMerle.jpg in Resources */,
				F94B492C240026220055956D /* CitdelAutomobile.jpg in Resources */,
				F94B4936240026220055956D /* Monflanquin.jpg in Resources */,
				F9DC21DA23E0DB1E0023B8EF /* regions.geojson in Resources */,
				F94B4946240026220055956D /* ChteaudeVillemonteix.jpg in Resources */,
				F94B494A240026220055956D /* Museduclotre.jpg in Resources */,
				F94B4923240026220055956D /* PharedeCordouan.jpg in Resources */,
				F94B4957240026220055956D /* Saintmilion.jpg in Resources */,
				F95DE56323DE2F0F00BE1BD5 /* Preview Assets.xcassets in Resources */,
				F94B4955240026220055956D /* LabastidedArmagnac.jpg in Resources */,
				F94B4944240026220055956D /* MuseUnterlinden.jpg in Resources */,
				F94B4927240026220055956D /* SarlatlaCanda.jpg in Resources */,
				F94B494D240026220055956D /* Biarritz.jpg in Resources */,
				F94B4934240026220055956D /* Masgot.jpg in Resources */,
				F94B493B240026220055956D /* SaintJeanPieddePort.jpg in Resources */,
				F94B495D240026220055956D /* LesMenetriers.jpg in Resources */,
				F94B491E240026220055956D /* MarchDeNolDeStrasbourg.jpg in Resources */,
				F94B495E240026220055956D /* Cadillac.jpg in Resources */,
				F94B4926240026220055956D /* DuneduPilat.jpg in Resources */,
				F94B4931240026220055956D /* FtesDeBayonne.jpg in Resources */,
				F94B4941240026220055956D /* SaintJeandeLuz.jpg in Resources */,
				F9DC21F123E232650023B8EF /* Localizable.strings in Resources */,
				F94B493F240026220055956D /* Kaysersberg.jpg in Resources */,
				F94B4932240026220055956D /* BibliothqueHumaniste.jpg in Resources */,
				F94B4958240026220055956D /* LaRhune.jpg in Resources */,
				F94B4953240026220055956D /* LaCollgialeSaintThibaut.jpg in Resources */,
				F94B493A240026220055956D /* GrottedeLaVerna.jpg in Resources */,
				F94B493D240026220055956D /* Monpazier.jpg in Resources */,
				F94B4943240026220055956D /* Mittelbergheim.jpg in Resources */,
				F94B4952240026220055956D /* CtedArgent.jpg in Resources */,
				F951F36D23EAD70D00C89636 /* article2.jpg in Resources */,
				F94B4959240026220055956D /* RoutedesVins.jpg in Resources */,
				F94B4938240026220055956D /* Urepel.jpg in Resources */,
				F94B492F240026220055956D /* comusedeMarquze.jpg in Resources */,
				F9815CDC23EAD33100EEF9CA /* articles.json in Resources */,
				F94B495C240026220055956D /* Bayonne.jpg in Resources */,
				F94B495A240026220055956D /* RuinesdelaForteressedeCrozant.jpg in Resources */,
				F94B4962240026300055956D /* Places.csv in Resources */,
				F94B4924240026220055956D /* CapFerret.jpg in Resources */,
				F94B493C240026220055956D /* Vesunnamusegalloromain.jpg in Resources */,
				F94B494B240026220055956D /* LigneMaginotFortSchoenenbourg.jpg in Resources */,
				F94B494E240026220055956D /* ChteaudeBiron.jpg in Resources */,
				F94B4945240026220055956D /* Hunawihr.jpg in Resources */,
				F94B4935240026220055956D /* Curemonte.jpg in Resources */,
				F95DE56023DE2F0F00BE1BD5 /* Assets.xcassets in Resources */,
				F94B4928240026220055956D /* Bergheim.jpg in Resources */,
				F94B4929240026220055956D /* Eguisheim.jpg in Resources */,
				F94B4922240026220055956D /* CollongeslaRouge.jpg in Resources */,
				F94B4920240026220055956D /* Riquewihr.jpg in Resources */,
				F94B4937240026220055956D /* Pujols.jpg in Resources */,
				F94B4921240026220055956D /* ParcdeWesserlingcomuseTextile.jpg in Resources */,
				F94B491F240026220055956D /* GorgesdeKakuetta.jpg in Resources */,
				F94B4956240026220055956D /* LacdeSaintPardoux.jpg in Resources */,
				F94B4939240026220055956D /* GouffredeProumeyssac.jpg in Resources */,
				F94B4951240026220055956D /* ChteaudeChlucet.jpg in Resources */,
				F94B494F240026220055956D /* LaRoqueGageac.jpg in Resources */,
				F94B493E240026220055956D /* LesJardinsdeMarqueyssac.jpg in Resources */,
				F94B4948240026220055956D /* Uzerche.jpg in Resources */,
				F94B492D240026220055956D /* AbbayedeBrantme.jpg in Resources */,
				F94B4925240026220055956D /* SaintHippolyte.jpg in Resources */,
				F94B4930240026220055956D /* BeynacetCazenac.jpg in Resources */,
				F9DC21E123E1DE0C0023B8EF /* regions.json in Resources */,
				F94B4954240026220055956D /* CastelmorondAlbret.jpg in Resources */,
				F94B4950240026220055956D /* Bordeaux.jpg in Resources */,
				F951F36B23EAD70D00C89636 /* article3.jpg in Resources */,
				F94B4947240026220055956D /* OradoursurGlane.jpg in Resources */,
				F94B4949240026220055956D /* Eyrignacetsesjardins.jpg in Resources */,
				F94B495F240026220055956D /* ChteaudeLichtenberg.jpg in Resources */,
				F951F36C23EAD70D00C89636 /* article1.jpg in Resources */,
				F94B495B240026220055956D /* BassindArcachon.jpg in Resources */,
			);
			runOnlyForDeploymentPostprocessing = 0;
		};
/* End PBXResourcesBuildPhase section */

/* Begin PBXSourcesBuildPhase section */
		F95DE55223DE2F0E00BE1BD5 /* Sources */ = {
			isa = PBXSourcesBuildPhase;
			buildActionMask = 2147483647;
			files = (
				F9C9C68623E4B248002C1DA0 /* PlaceAnnotation.swift in Sources */,
				F95DE55A23DE2F0F00BE1BD5 /* AppDelegate.swift in Sources */,
				F9DC21D423E0CEC20023B8EF /* RegionsMap.swift in Sources */,
				F91DEDA323E8A26E00D8FFD7 /* TripList.xcdatamodeld in Sources */,
				F91DEDA023E6F4DD00D8FFD7 /* PlaceMapDrawer.swift in Sources */,
				F91DEDCA23E9BAB900D8FFD7 /* Completion.swift in Sources */,
				F99E73AD23F3611E006BC089 /* NearestPlaces.swift in Sources */,
				F95DE5B923DE416D00BE1BD5 /* Dream.swift in Sources */,
				F95DE59C23DE349700BE1BD5 /* TextView.swift in Sources */,
				F95DE58C23DE349700BE1BD5 /* MapView.swift in Sources */,
				F9C9C68823E4D093002C1DA0 /* AppStyle.swift in Sources */,
				F95DE59B23DE349700BE1BD5 /* PlacePager.swift in Sources */,
				F95DE59823DE349700BE1BD5 /* DreamListRow.swift in Sources */,
				F9815CDE23EAD36B00EEF9CA /* Article.swift in Sources */,
				F9DC222B23E31DF30023B8EF /* PlaceDetailPhotos.swift in Sources */,
				F95DE57623DE348000BE1BD5 /* Session.swift in Sources */,
				F95DE59323DE349700BE1BD5 /* AssociatesRow.swift in Sources */,
				F95DE5BD23DE4A2900BE1BD5 /* PlacesMap.swift in Sources */,
				F95DE55C23DE2F0F00BE1BD5 /* SceneDelegate.swift in Sources */,
				F9DC222D23E31FEE0023B8EF /* PlaceDetailsButtons.swift in Sources */,
				F99E73A923EF0D69006BC089 /* ProgressionRegion.swift in Sources */,
				F95DE57723DE348000BE1BD5 /* Dataloader.swift in Sources */,
				F95DE5A723DE34A900BE1BD5 /* Place.swift in Sources */,
				F95DE59123DE349700BE1BD5 /* Store.swift in Sources */,
				F9C9C68A23E4D287002C1DA0 /* UIColor+hexString.swift in Sources */,
				F91DED9E23E6EAE800D8FFD7 /* BottomSheetView.swift in Sources */,
				F95DE59E23DE349700BE1BD5 /* DreamList.swift in Sources */,
				F9DC21E323E231840023B8EF /* WikipediaService.swift in Sources */,
				F95DE5BB23DE422F00BE1BD5 /* DreamDetail.swift in Sources */,
				F95DE5A823DE34A900BE1BD5 /* PlaceStore.swift in Sources */,
				F95DE58E23DE349700BE1BD5 /* AutoFocusTextField.swift in Sources */,
				F99E73AB23F34DE2006BC089 /* LocationManager.swift in Sources */,
				F99E73A323ED9CD4006BC089 /* Reminders.swift in Sources */,
				F95DE59023DE349700BE1BD5 /* PlaceDetail.swift in Sources */,
				F9DC21E823E231A70023B8EF /* WikiResponse.swift in Sources */,
				F9DC21EB23E231D30023B8EF /* String+HTML.swift in Sources */,
				F9DC21E923E231A70023B8EF /* ImageMetadata.swift in Sources */,
				F95DE59923DE349700BE1BD5 /* PlacesList.swift in Sources */,
				F95DE59A23DE349700BE1BD5 /* Progression.swift in Sources */,
				F95DE59F23DE349700BE1BD5 /* PageView.swift in Sources */,
				F95DE59623DE349700BE1BD5 /* StoreCategoriesRow.swift in Sources */,
				F95DE59723DE349700BE1BD5 /* ImageCarouselView.swift in Sources */,
				F96D611023EB607900CD296A /* LazyView.swift in Sources */,
				F95DE55E23DE2F0F00BE1BD5 /* ContentView.swift in Sources */,
				F9815CE223EAD53900EEF9CA /* StoreArticle.swift in Sources */,
				F9815CE023EAD50500EEF9CA /* StoreArticlesRow.swift in Sources */,
				F99E73A723EDAD54006BC089 /* ActivityViewController.swift in Sources */,
			);
			runOnlyForDeploymentPostprocessing = 0;
		};
/* End PBXSourcesBuildPhase section */

/* Begin PBXVariantGroup section */
		F95DE56423DE2F0F00BE1BD5 /* LaunchScreen.storyboard */ = {
			isa = PBXVariantGroup;
			children = (
				F95DE56523DE2F0F00BE1BD5 /* Base */,
				F9DC21F423E232810023B8EF /* fr */,
			);
			name = LaunchScreen.storyboard;
			sourceTree = "<group>";
		};
		F9DC21F323E232650023B8EF /* Localizable.strings */ = {
			isa = PBXVariantGroup;
			children = (
				F9DC21F223E232650023B8EF /* en */,
				F9DC21F523E232820023B8EF /* fr */,
			);
			name = Localizable.strings;
			sourceTree = "<group>";
		};
/* End PBXVariantGroup section */

/* Begin XCBuildConfiguration section */
		F95DE56823DE2F0F00BE1BD5 /* Debug */ = {
			isa = XCBuildConfiguration;
			buildSettings = {
				ALWAYS_SEARCH_USER_PATHS = NO;
				CLANG_ANALYZER_LOCALIZABILITY_NONLOCALIZED = YES;
				CLANG_ANALYZER_NONNULL = YES;
				CLANG_ANALYZER_NUMBER_OBJECT_CONVERSION = YES_AGGRESSIVE;
				CLANG_CXX_LANGUAGE_STANDARD = "gnu++14";
				CLANG_CXX_LIBRARY = "libc++";
				CLANG_ENABLE_MODULES = YES;
				CLANG_ENABLE_OBJC_ARC = YES;
				CLANG_ENABLE_OBJC_WEAK = YES;
				CLANG_WARN_BLOCK_CAPTURE_AUTORELEASING = YES;
				CLANG_WARN_BOOL_CONVERSION = YES;
				CLANG_WARN_COMMA = YES;
				CLANG_WARN_CONSTANT_CONVERSION = YES;
				CLANG_WARN_DEPRECATED_OBJC_IMPLEMENTATIONS = YES;
				CLANG_WARN_DIRECT_OBJC_ISA_USAGE = YES_ERROR;
				CLANG_WARN_DOCUMENTATION_COMMENTS = YES;
				CLANG_WARN_EMPTY_BODY = YES;
				CLANG_WARN_ENUM_CONVERSION = YES;
				CLANG_WARN_INFINITE_RECURSION = YES;
				CLANG_WARN_INT_CONVERSION = YES;
				CLANG_WARN_NON_LITERAL_NULL_CONVERSION = YES;
				CLANG_WARN_OBJC_IMPLICIT_RETAIN_SELF = YES;
				CLANG_WARN_OBJC_LITERAL_CONVERSION = YES;
				CLANG_WARN_OBJC_ROOT_CLASS = YES_ERROR;
				CLANG_WARN_RANGE_LOOP_ANALYSIS = YES;
				CLANG_WARN_STRICT_PROTOTYPES = YES;
				CLANG_WARN_SUSPICIOUS_MOVE = YES;
				CLANG_WARN_UNGUARDED_AVAILABILITY = YES_AGGRESSIVE;
				CLANG_WARN_UNREACHABLE_CODE = YES;
				CLANG_WARN__DUPLICATE_METHOD_MATCH = YES;
				COPY_PHASE_STRIP = NO;
				DEBUG_INFORMATION_FORMAT = dwarf;
				ENABLE_STRICT_OBJC_MSGSEND = YES;
				ENABLE_TESTABILITY = YES;
				GCC_C_LANGUAGE_STANDARD = gnu11;
				GCC_DYNAMIC_NO_PIC = NO;
				GCC_NO_COMMON_BLOCKS = YES;
				GCC_OPTIMIZATION_LEVEL = 0;
				GCC_PREPROCESSOR_DEFINITIONS = (
					"DEBUG=1",
					"$(inherited)",
				);
				GCC_WARN_64_TO_32_BIT_CONVERSION = YES;
				GCC_WARN_ABOUT_RETURN_TYPE = YES_ERROR;
				GCC_WARN_UNDECLARED_SELECTOR = YES;
				GCC_WARN_UNINITIALIZED_AUTOS = YES_AGGRESSIVE;
				GCC_WARN_UNUSED_FUNCTION = YES;
				GCC_WARN_UNUSED_VARIABLE = YES;
				IPHONEOS_DEPLOYMENT_TARGET = 13.2;
				MTL_ENABLE_DEBUG_INFO = INCLUDE_SOURCE;
				MTL_FAST_MATH = YES;
				ONLY_ACTIVE_ARCH = YES;
				SDKROOT = iphoneos;
				SWIFT_ACTIVE_COMPILATION_CONDITIONS = DEBUG;
				SWIFT_OPTIMIZATION_LEVEL = "-Onone";
			};
			name = Debug;
		};
		F95DE56923DE2F0F00BE1BD5 /* Release */ = {
			isa = XCBuildConfiguration;
			buildSettings = {
				ALWAYS_SEARCH_USER_PATHS = NO;
				CLANG_ANALYZER_LOCALIZABILITY_NONLOCALIZED = YES;
				CLANG_ANALYZER_NONNULL = YES;
				CLANG_ANALYZER_NUMBER_OBJECT_CONVERSION = YES_AGGRESSIVE;
				CLANG_CXX_LANGUAGE_STANDARD = "gnu++14";
				CLANG_CXX_LIBRARY = "libc++";
				CLANG_ENABLE_MODULES = YES;
				CLANG_ENABLE_OBJC_ARC = YES;
				CLANG_ENABLE_OBJC_WEAK = YES;
				CLANG_WARN_BLOCK_CAPTURE_AUTORELEASING = YES;
				CLANG_WARN_BOOL_CONVERSION = YES;
				CLANG_WARN_COMMA = YES;
				CLANG_WARN_CONSTANT_CONVERSION = YES;
				CLANG_WARN_DEPRECATED_OBJC_IMPLEMENTATIONS = YES;
				CLANG_WARN_DIRECT_OBJC_ISA_USAGE = YES_ERROR;
				CLANG_WARN_DOCUMENTATION_COMMENTS = YES;
				CLANG_WARN_EMPTY_BODY = YES;
				CLANG_WARN_ENUM_CONVERSION = YES;
				CLANG_WARN_INFINITE_RECURSION = YES;
				CLANG_WARN_INT_CONVERSION = YES;
				CLANG_WARN_NON_LITERAL_NULL_CONVERSION = YES;
				CLANG_WARN_OBJC_IMPLICIT_RETAIN_SELF = YES;
				CLANG_WARN_OBJC_LITERAL_CONVERSION = YES;
				CLANG_WARN_OBJC_ROOT_CLASS = YES_ERROR;
				CLANG_WARN_RANGE_LOOP_ANALYSIS = YES;
				CLANG_WARN_STRICT_PROTOTYPES = YES;
				CLANG_WARN_SUSPICIOUS_MOVE = YES;
				CLANG_WARN_UNGUARDED_AVAILABILITY = YES_AGGRESSIVE;
				CLANG_WARN_UNREACHABLE_CODE = YES;
				CLANG_WARN__DUPLICATE_METHOD_MATCH = YES;
				COPY_PHASE_STRIP = NO;
				DEBUG_INFORMATION_FORMAT = "dwarf-with-dsym";
				ENABLE_NS_ASSERTIONS = NO;
				ENABLE_STRICT_OBJC_MSGSEND = YES;
				GCC_C_LANGUAGE_STANDARD = gnu11;
				GCC_NO_COMMON_BLOCKS = YES;
				GCC_WARN_64_TO_32_BIT_CONVERSION = YES;
				GCC_WARN_ABOUT_RETURN_TYPE = YES_ERROR;
				GCC_WARN_UNDECLARED_SELECTOR = YES;
				GCC_WARN_UNINITIALIZED_AUTOS = YES_AGGRESSIVE;
				GCC_WARN_UNUSED_FUNCTION = YES;
				GCC_WARN_UNUSED_VARIABLE = YES;
				IPHONEOS_DEPLOYMENT_TARGET = 13.2;
				MTL_ENABLE_DEBUG_INFO = NO;
				MTL_FAST_MATH = YES;
				SDKROOT = iphoneos;
				SWIFT_COMPILATION_MODE = wholemodule;
				SWIFT_OPTIMIZATION_LEVEL = "-O";
				VALIDATE_PRODUCT = YES;
			};
			name = Release;
		};
		F95DE56B23DE2F0F00BE1BD5 /* Debug */ = {
			isa = XCBuildConfiguration;
			buildSettings = {
				ASSETCATALOG_COMPILER_APPICON_NAME = AppIcon;
				CODE_SIGN_STYLE = Automatic;
				DEVELOPMENT_ASSET_PATHS = "\"TripList/Preview Content\"";
				DEVELOPMENT_TEAM = G49XQYC5WE;
				ENABLE_PREVIEWS = YES;
				INFOPLIST_FILE = TripList/Info.plist;
				IPHONEOS_DEPLOYMENT_TARGET = 13.0;
				LD_RUNPATH_SEARCH_PATHS = (
					"$(inherited)",
					"@executable_path/Frameworks",
				);
				PRODUCT_BUNDLE_IDENTIFIER = com.jva.app.triplist.TripList;
				PRODUCT_NAME = "France Heritage";
				SWIFT_VERSION = 5.0;
				TARGETED_DEVICE_FAMILY = "1,2";
			};
			name = Debug;
		};
		F95DE56C23DE2F0F00BE1BD5 /* Release */ = {
			isa = XCBuildConfiguration;
			buildSettings = {
				ASSETCATALOG_COMPILER_APPICON_NAME = AppIcon;
				CODE_SIGN_STYLE = Automatic;
				DEVELOPMENT_ASSET_PATHS = "\"TripList/Preview Content\"";
				DEVELOPMENT_TEAM = G49XQYC5WE;
				ENABLE_PREVIEWS = YES;
				INFOPLIST_FILE = TripList/Info.plist;
				IPHONEOS_DEPLOYMENT_TARGET = 13.0;
				LD_RUNPATH_SEARCH_PATHS = (
					"$(inherited)",
					"@executable_path/Frameworks",
				);
				PRODUCT_BUNDLE_IDENTIFIER = com.jva.app.triplist.TripList;
				PRODUCT_NAME = "France Heritage";
				SWIFT_VERSION = 5.0;
				TARGETED_DEVICE_FAMILY = "1,2";
			};
			name = Release;
		};
/* End XCBuildConfiguration section */

/* Begin XCConfigurationList section */
		F95DE55123DE2F0E00BE1BD5 /* Build configuration list for PBXProject "TripList" */ = {
			isa = XCConfigurationList;
			buildConfigurations = (
				F95DE56823DE2F0F00BE1BD5 /* Debug */,
				F95DE56923DE2F0F00BE1BD5 /* Release */,
			);
			defaultConfigurationIsVisible = 0;
			defaultConfigurationName = Release;
		};
		F95DE56A23DE2F0F00BE1BD5 /* Build configuration list for PBXNativeTarget "TripList" */ = {
			isa = XCConfigurationList;
			buildConfigurations = (
				F95DE56B23DE2F0F00BE1BD5 /* Debug */,
				F95DE56C23DE2F0F00BE1BD5 /* Release */,
			);
			defaultConfigurationIsVisible = 0;
			defaultConfigurationName = Release;
		};
/* End XCConfigurationList section */

/* Begin XCRemoteSwiftPackageReference section */
		F95DE5B523DE3BE500BE1BD5 /* XCRemoteSwiftPackageReference "QGrid" */ = {
			isa = XCRemoteSwiftPackageReference;
			repositoryURL = "https://github.com/Q-Mobile/QGrid";
			requirement = {
				kind = exactVersion;
				version = 0.1.3;
			};
		};
		F9C9C68223E498D2002C1DA0 /* XCRemoteSwiftPackageReference "ASCollectionView" */ = {
			isa = XCRemoteSwiftPackageReference;
			repositoryURL = "https://github.com/apptekstudios/ASCollectionView";
			requirement = {
				kind = exactVersion;
				version = 1.2.2;
			};
		};
		F9DC21F623E234530023B8EF /* XCRemoteSwiftPackageReference "Kingfisher" */ = {
			isa = XCRemoteSwiftPackageReference;
			repositoryURL = "https://github.com/onevcat/Kingfisher.git";
			requirement = {
				kind = exactVersion;
				version = 5.13.0;
			};
		};
/* End XCRemoteSwiftPackageReference section */

/* Begin XCSwiftPackageProductDependency section */
		F95DE5B623DE3BE500BE1BD5 /* QGrid */ = {
			isa = XCSwiftPackageProductDependency;
			package = F95DE5B523DE3BE500BE1BD5 /* XCRemoteSwiftPackageReference "QGrid" */;
			productName = QGrid;
		};
		F9C9C68323E498D2002C1DA0 /* ASCollectionView */ = {
			isa = XCSwiftPackageProductDependency;
			package = F9C9C68223E498D2002C1DA0 /* XCRemoteSwiftPackageReference "ASCollectionView" */;
			productName = ASCollectionView;
		};
		F9DC21F723E234530023B8EF /* KingfisherSwiftUI */ = {
			isa = XCSwiftPackageProductDependency;
			package = F9DC21F623E234530023B8EF /* XCRemoteSwiftPackageReference "Kingfisher" */;
			productName = KingfisherSwiftUI;
		};
/* End XCSwiftPackageProductDependency section */

/* Begin XCVersionGroup section */
		F91DEDA123E8A26D00D8FFD7 /* TripList.xcdatamodeld */ = {
			isa = XCVersionGroup;
			children = (
				F91DEDA223E8A26E00D8FFD7 /* TripList.xcdatamodel */,
			);
			currentVersion = F91DEDA223E8A26E00D8FFD7 /* TripList.xcdatamodel */;
			path = TripList.xcdatamodeld;
			sourceTree = "<group>";
			versionGroupType = wrapper.xcdatamodel;
		};
/* End XCVersionGroup section */
	};
	rootObject = F95DE54E23DE2F0E00BE1BD5 /* Project object */;
}
